<?xml version="1.0" encoding="utf-8"?>
<Project ToolsVersion="4.0" xmlns="http://schemas.microsoft.com/developer/msbuild/2003">
  <ItemGroup>
    <Filter Include="Source Files">
      <UniqueIdentifier>{3cb2ffd3-64d3-4ac8-ae1e-e40646751243}</UniqueIdentifier>
    </Filter>
    <Filter Include="Generated Files">
      <UniqueIdentifier>{a54b6d82-efd7-4593-8bd6-0680def8eaaa}</UniqueIdentifier>
      <SourceControlFiles>False</SourceControlFiles>
    </Filter>
  </ItemGroup>
  <ItemGroup>
    <None Include="Cpp_ATLps.def" />
  </ItemGroup>
  <ItemGroup>
    <ClCompile Include="Cpp_ATL_i.c">
      <Filter>Generated Files</Filter>
    </ClCompile>
    <ClCompile Include="Cpp_ATL_p.c">
      <Filter>Generated Files</Filter>
    </ClCompile>
    <ClCompile Include="dlldata.c">
      <Filter>Generated Files</Filter>
    </ClCompile>
  </ItemGroup>
</Project>