
Microsoft Visual Studio Solution File, Format Version 12.00
# Visual Studio 14
VisualStudioVersion = 14.0.24720.0
MinimumVisualStudioVersion = 10.0.40219.1
Project("{FAE04EC0-301F-11D3-BF4B-00C04F79EFBC}") = "CS_WinForms", "CS_WinForms\CS_WinForms.csproj", "{F712CF27-F288-4EA5-818B-E0CFEFD5C0E3}"
EndProject
Project("{FAE04EC0-301F-11D3-BF4B-00C04F79EFBC}") = "CS_WPF", "CS_WPF\CS_WPF.csproj", "{5A343AD4-3B47-4F7F-8A74-15E1B2FF015C}"
EndProject
Project("{FAE04EC0-301F-11D3-BF4B-00C04F79EFBC}") = "CS_ConsoleApp", "CS_ConsoleApp\CS_ConsoleApp.csproj", "{BEF718A4-72B4-4AD0-9F35-304C66925ADB}"
EndProject
Project("{FAE04EC0-301F-11D3-BF4B-00C04F79EFBC}") = "CS_ClassLibrary", "CS_ClassLibrary\CS_ClassLibrary.csproj", "{ACEF44F3-4B1D-410F-BC7E-0470F37EA5EB}"
EndProject
Project("{FAE04EC0-301F-11D3-BF4B-00C04F79EFBC}") = "CS_ASPNET45", "CS_ASPNET45\CS_ASPNET45.csproj", "{9C8CB7AA-C80C-4564-BFC6-BE2B1AE97318}"
EndProject
Project("{FAE04EC0-301F-11D3-BF4B-00C04F79EFBC}") = "CS_ExcelAddIn", "CS_ExcelAddIn\CS_ExcelAddIn.csproj", "{FDAF41F3-94E6-47FE-A07E-FA44119BB530}"
EndProject
Project("{FAE04EC0-301F-11D3-BF4B-00C04F79EFBC}") = "CS_VSIX", "CS_VSIX\CS_VSIX.csproj", "{FE33DD69-644D-44BE-BE49-D3B5E52CA400}"
EndProject
Project("{FAE04EC0-301F-11D3-BF4B-00C04F79EFBC}") = "CS_UnitTest", "CS_UnitTest\CS_UnitTest.csproj", "{DA4E2767-2C8F-4D88-AB3D-1D5FEB4348E3}"
EndProject
Project("{FAE04EC0-301F-11D3-BF4B-00C04F79EFBC}") = "CS_WCF", "CS_WCF\CS_WCF.csproj", "{37342F03-9B58-4C60-99D8-3AED3DA5AF60}"
EndProject
Project("{F184B08F-C81C-45F6-A57F-5ABD9991F28F}") = "VBNET_WinForms", "VBNET_WinForms\VBNET_WinForms.vbproj", "{11054ACC-6A9F-4653-898C-E4A10E67DB7F}"
EndProject
Project("{F184B08F-C81C-45F6-A57F-5ABD9991F28F}") = "VBNET_WPF", "VBNET_WPF\VBNET_WPF.vbproj", "{EF1E92AB-46AE-4D69-BF5D-1D9E98510683}"
EndProject
Project("{F184B08F-C81C-45F6-A57F-5ABD9991F28F}") = "VBNET_ConsoleApp", "VBNET_ConsoleApp\VBNET_ConsoleApp.vbproj", "{43CE8C61-8640-4721-9641-7213531BD638}"
EndProject
Project("{F184B08F-C81C-45F6-A57F-5ABD9991F28F}") = "VBNET_ClassLibrary", "VBNET_ClassLibrary\VBNET_ClassLibrary.vbproj", "{8B27F21C-40D8-473A-9CE3-BF1D74B78FC4}"
EndProject
Project("{F184B08F-C81C-45F6-A57F-5ABD9991F28F}") = "VBNET_ASPNET45", "VBNET_ASPNET45\VBNET_ASPNET45.vbproj", "{55790A4C-F508-421B-814B-CCFA47EE25DA}"
EndProject
Project("{F184B08F-C81C-45F6-A57F-5ABD9991F28F}") = "VBNET_ExcelAddIn", "VBNET_ExcelAddIn\VBNET_ExcelAddIn.vbproj", "{96BEB700-7463-4893-9182-204BA897EDA0}"
EndProject
Project("{F184B08F-C81C-45F6-A57F-5ABD9991F28F}") = "VBNET_UnitTest", "VBNET_UnitTest\VBNET_UnitTest.vbproj", "{240A7316-2DB5-4E02-A495-FFCCCEE77407}"
EndProject
Project("{F184B08F-C81C-45F6-A57F-5ABD9991F28F}") = "VBNET_WCF", "VBNET_WCF\VBNET_WCF.vbproj", "{E9E0FE3A-0AD3-4FA6-9F76-F11CF2F4D3B5}"
EndProject
Project("{2150E333-8FDC-42A3-9474-1A3956D46DE8}") = "CSharp", "CSharp", "{100A0EB3-780B-417F-ACBA-E90FA406D121}"
EndProject
Project("{2150E333-8FDC-42A3-9474-1A3956D46DE8}") = "VB.NET", "VB.NET", "{2FE158F0-6403-46B2-952A-ABA891F4C97D}"
EndProject
Project("{2150E333-8FDC-42A3-9474-1A3956D46DE8}") = "C++", "C++", "{261CC1D2-42E3-41D2-A864-A59D659EA172}"
EndProject
Project("{8BC9CEB8-8B4A-11D0-8D11-00A0C91BC942}") = "Cpp_Win32ConsoleApp", "Cpp_Win32ConsoleApp\Cpp_Win32ConsoleApp.vcxproj", "{550B6E5F-AD35-49A8-A46D-6F0319DBF821}"
EndProject
Project("{8BC9CEB8-8B4A-11D0-8D11-00A0C91BC942}") = "Cpp_MFCApp", "Cpp_MFCApp\Cpp_MFCApp.vcxproj", "{ED6658FD-DB82-4D14-861F-DE535C822036}"
EndProject
Project("{8BC9CEB8-8B4A-11D0-8D11-00A0C91BC942}") = "Cpp_Empty", "Cpp_Empty\Cpp_Empty.vcxproj", "{DE6496DD-9BFD-40F8-B6B3-CC5ED86DA67C}"
EndProject
Project("{8BC9CEB8-8B4A-11D0-8D11-00A0C91BC942}") = "Cpp_Win32WindowsApp", "Cpp_Win32WindowsApp\Cpp_Win32WindowsApp.vcxproj", "{1B3546D6-E74E-4E59-8EF3-06A2DED54BCB}"
EndProject
Project("{8BC9CEB8-8B4A-11D0-8D11-00A0C91BC942}") = "Cpp_UnitTest_Native", "Cpp_UnitTest_Native\Cpp_UnitTest_Native.vcxproj", "{34A83280-180A-404E-9435-192FCB3BF8A1}"
EndProject
Project("{8BC9CEB8-8B4A-11D0-8D11-00A0C91BC942}") = "Cpp_UnitTest_Managed", "Cpp_UnitTest_Managed\Cpp_UnitTest_Managed.vcxproj", "{166EE73E-AF71-4AC8-AEC5-4332CC69D4CF}"
EndProject
Project("{8BC9CEB8-8B4A-11D0-8D11-00A0C91BC942}") = "Cpp_ClassLibrary", "Cpp_ClassLibrary\Cpp_ClassLibrary.vcxproj", "{CBE53290-0BEF-4ACF-871A-8FEC986A688A}"
EndProject
Project("{8BC9CEB8-8B4A-11D0-8D11-00A0C91BC942}") = "Cpp_CLRConsoleApplication", "Cpp_CLRConsoleApplication\Cpp_CLRConsoleApplication.vcxproj", "{8AAE3F32-F2DA-4B08-A510-5D73DE3DE51E}"
EndProject
Project("{8BC9CEB8-8B4A-11D0-8D11-00A0C91BC942}") = "Cpp_CLREmpty", "Cpp_CLREmpty\Cpp_CLREmpty.vcxproj", "{307F4571-C6FE-4554-8F34-7183FCA51832}"
EndProject
Project("{8BC9CEB8-8B4A-11D0-8D11-00A0C91BC942}") = "Cpp_ATL", "Cpp_ATL\Cpp_ATL.vcxproj", "{9F89494E-C597-4BE9-A556-6549DF6DBBC1}"
EndProject
Project("{8BC9CEB8-8B4A-11D0-8D11-00A0C91BC942}") = "Cpp_ATLPS", "Cpp_ATL\Cpp_ATLPS.vcxproj", "{BA7B7483-B8CD-41D1-93E8-7C094D96116B}"
	ProjectSection(ProjectDependencies) = postProject
		{9F89494E-C597-4BE9-A556-6549DF6DBBC1} = {9F89494E-C597-4BE9-A556-6549DF6DBBC1}
	EndProjectSection
EndProject
Project("{8BC9CEB8-8B4A-11D0-8D11-00A0C91BC942}") = "Cpp_Win81_PhoneDirect3DApp", "Cpp_Win81_PhoneDirect3DApp\Cpp_Win81_PhoneDirect3DApp.vcxproj", "{CCE4B113-5E9C-4077-BB0B-5AE441B566C6}"
EndProject
Project("{F2A71F9B-5D33-465A-A702-920D77279786}") = "FSharp_ConsoleApp", "FSharp_ConsoleApp\FSharp_ConsoleApp.fsproj", "{15234E61-5A73-41B1-BE03-A5C1E12A991D}"
EndProject
Project("{2150E333-8FDC-42A3-9474-1A3956D46DE8}") = "FSharp", "FSharp", "{B0338A5F-5036-4BA4-B834-8C6965A60754}"
EndProject
Project("{F2A71F9B-5D33-465A-A702-920D77279786}") = "FSharp_Library", "FSharp_Library\FSharp_Library.fsproj", "{0FAC55A2-C97A-4D5B-B639-7A4E986BFF5E}"
EndProject
Project("{FAE04EC0-301F-11D3-BF4B-00C04F79EFBC}") = "TS_HTMLApp", "TS_HTMLApp\TS_HTMLApp.csproj", "{E302BBD7-EFC7-4EEF-8411-07C85C814419}"
EndProject
Project("{2150E333-8FDC-42A3-9474-1A3956D46DE8}") = "TypeScript", "TypeScript", "{AD23B3EE-04B3-4B3B-95B1-55622D1C4D5F}"
EndProject
Project("{F5034706-568F-408A-B7B3-4D38C6DB8A32}") = "PS_ModuleProject", "PS_ModuleProject\PS_ModuleProject.pssproj", "{6CAFC0C6-A428-4D30-A9F9-700E829FEA51}"
EndProject
Project("{2150E333-8FDC-42A3-9474-1A3956D46DE8}") = "PowerShell", "PowerShell", "{E80CB196-1693-4D4A-93EA-4CEA2951AA74}"
EndProject
Project("{8BB2217D-0F2D-49D1-97BC-3654ED321F3B}") = "CSASPNET5", "CSASPNET5\CSASPNET5.xproj", "{9DB47F12-6D03-45FC-9DEC-540FCA5816C2}"
EndProject
Project("{2150E333-8FDC-42A3-9474-1A3956D46DE8}") = "CS_W81Universal_App", "CS_W81Universal_App", "{9AAD35CA-90D7-4659-A062-78D188C00199}"
EndProject
Project("{D954291E-2A0B-460D-934E-DC6B0785DB48}") = "CS_W81Universal_App.Shared", "CS_W81Universal_App\CS_W81Universal_App.Shared\CS_W81Universal_App.Shared.shproj", "{22B33324-14B1-4B70-8942-FEFE9A2ECA0A}"
EndProject
Project("{FAE04EC0-301F-11D3-BF4B-00C04F79EFBC}") = "CS_W81Universal_App.Windows", "CS_W81Universal_App\CS_W81Universal_App.Windows\CS_W81Universal_App.Windows.csproj", "{E61C604B-5E51-40C2-A9AE-6B7A9B4CA0C1}"
EndProject
Project("{FAE04EC0-301F-11D3-BF4B-00C04F79EFBC}") = "CS_W81Universal_App.WindowsPhone", "CS_W81Universal_App\CS_W81Universal_App.WindowsPhone\CS_W81Universal_App.WindowsPhone.csproj", "{812410DB-2CB1-4AD1-A322-41A1F38B462E}"
EndProject
Project("{FAE04EC0-301F-11D3-BF4B-00C04F79EFBC}") = "CS_W81_WindowsApp", "CS_W81_WindowsApp\CS_W81_WindowsApp.csproj", "{55358365-1B92-49C5-9343-BA8DE5137359}"
EndProject
Project("{FAE04EC0-301F-11D3-BF4B-00C04F79EFBC}") = "CS_W81_PhoneApp", "CS_W81_PhoneApp\CS_W81_PhoneApp.csproj", "{DB6D7F88-D0D1-413A-A565-EFC40F1DA1A5}"
EndProject
Project("{2150E333-8FDC-42A3-9474-1A3956D46DE8}") = "Universal Windows Platform", "Universal Windows Platform", "{9C484062-0480-4A7B-AFE2-6C6FD24C895B}"
EndProject
Project("{2150E333-8FDC-42A3-9474-1A3956D46DE8}") = "Windows 8.x", "Windows 8.x", "{5015D052-8194-4EC0-9D6D-593E9F7B036C}"
EndProject
Project("{2150E333-8FDC-42A3-9474-1A3956D46DE8}") = "Office and Visual Studio", "Office and Visual Studio", "{A6BB0495-DF34-4E59-A9B2-0E47AE4BFC5C}"
EndProject
Project("{2150E333-8FDC-42A3-9474-1A3956D46DE8}") = "DNX", "DNX", "{CA01022C-0A4A-463B-85E3-D5214E9F4E38}"
EndProject
Project("{2150E333-8FDC-42A3-9474-1A3956D46DE8}") = "Classic", "Classic", "{3EB1FFCE-85EB-4A75-A210-891E1859A791}"
EndProject
Project("{2150E333-8FDC-42A3-9474-1A3956D46DE8}") = "Classic", "Classic", "{BAA5B0EA-DCAF-42E8-B524-541631861D4F}"
EndProject
Project("{2150E333-8FDC-42A3-9474-1A3956D46DE8}") = "Office and Visual Studio", "Office and Visual Studio", "{4EFA47CA-55DB-4398-B86A-E22BF643A2E7}"
EndProject
Project("{2150E333-8FDC-42A3-9474-1A3956D46DE8}") = "Universal Windows Platform", "Universal Windows Platform", "{52BBCF35-399B-408A-87F0-522DE49CE8B0}"
EndProject
Project("{F184B08F-C81C-45F6-A57F-5ABD9991F28F}") = "VBNET_VSIX", "VBNET_VSIX\VBNET_VSIX.vbproj", "{A63FAD9F-A2D0-4730-BD50-26182F795716}"
EndProject
Project("{2150E333-8FDC-42A3-9474-1A3956D46DE8}") = "Windows 8.x", "Windows 8.x", "{C01E5C9A-7585-4B77-930C-9446C676A640}"
EndProject
Project("{F184B08F-C81C-45F6-A57F-5ABD9991F28F}") = "VBNET_W81_WindowsApp", "VBNET_W81_WindowsApp\VBNET_W81_WindowsApp.vbproj", "{A040BD2B-6A7E-4078-AB00-B0E783C053D9}"
EndProject
Project("{F184B08F-C81C-45F6-A57F-5ABD9991F28F}") = "VBNET_W81_PhoneApp", "VBNET_W81_PhoneApp\VBNET_W81_PhoneApp.vbproj", "{5342C502-EC2A-4DD4-9058-86D31766C8E3}"
EndProject
Project("{FAE04EC0-301F-11D3-BF4B-00C04F79EFBC}") = "CS_UWP_App", "CS_UWP_App\CS_UWP_App.csproj", "{61405B13-3952-476D-A479-106CE5A23236}"
EndProject
Project("{FAE04EC0-301F-11D3-BF4B-00C04F79EFBC}") = "CS_UWP_ClassLibrary", "CS_UWP_ClassLibrary\CS_UWP_ClassLibrary.csproj", "{45236A92-3872-4B6E-BAB2-8C3151DF5FE9}"
EndProject
Project("{FAE04EC0-301F-11D3-BF4B-00C04F79EFBC}") = "CS_UWP_RuntimeComponent", "CS_UWP_RuntimeComponent\CS_UWP_RuntimeComponent.csproj", "{75F1C13B-1D94-4DE3-B59A-8B33DB024FEF}"
EndProject
Project("{F184B08F-C81C-45F6-A57F-5ABD9991F28F}") = "VBNET_UWP_App", "VBNET_UWP_App\VBNET_UWP_App.vbproj", "{EFF90738-9042-463D-82C7-1C83CE373594}"
EndProject
Project("{F184B08F-C81C-45F6-A57F-5ABD9991F28F}") = "VBNET_UWP_ClassLibrary", "VBNET_UWP_ClassLibrary\VBNET_UWP_ClassLibrary.vbproj", "{52B0380E-C334-4F7A-A439-C7CC063092A6}"
EndProject
Project("{F184B08F-C81C-45F6-A57F-5ABD9991F28F}") = "VBNET_UWP_RuntimeComponent", "VBNET_UWP_RuntimeComponent\VBNET_UWP_RuntimeComponent.vbproj", "{E88CAC6A-13EC-44E1-A1B7-375839DB7CFC}"
EndProject
Global
	GlobalSection(SharedMSBuildProjectFiles) = preSolution
		CS_W81Universal_App\CS_W81Universal_App.Shared\CS_W81Universal_App.Shared.projitems*{22b33324-14b1-4b70-8942-fefe9a2eca0a}*SharedItemsImports = 13
		CS_W81Universal_App\CS_W81Universal_App.Shared\CS_W81Universal_App.Shared.projitems*{e61c604b-5e51-40c2-a9ae-6b7a9b4ca0c1}*SharedItemsImports = 4
		CS_W81Universal_App\CS_W81Universal_App.Shared\CS_W81Universal_App.Shared.projitems*{812410db-2cb1-4ad1-a322-41a1f38b462e}*SharedItemsImports = 4
	EndGlobalSection
	GlobalSection(SolutionConfigurationPlatforms) = preSolution
		Debug|Any CPU = Debug|Any CPU
		Debug|ARM = Debug|ARM
		Debug|x64 = Debug|x64
		Debug|x86 = Debug|x86
		Release|Any CPU = Release|Any CPU
		Release|ARM = Release|ARM
		Release|x64 = Release|x64
		Release|x86 = Release|x86
	EndGlobalSection
	GlobalSection(ProjectConfigurationPlatforms) = postSolution
		{F712CF27-F288-4EA5-818B-E0CFEFD5C0E3}.Debug|Any CPU.ActiveCfg = Debug|Any CPU
		{F712CF27-F288-4EA5-818B-E0CFEFD5C0E3}.Debug|Any CPU.Build.0 = Debug|Any CPU
		{F712CF27-F288-4EA5-818B-E0CFEFD5C0E3}.Debug|ARM.ActiveCfg = Debug|Any CPU
		{F712CF27-F288-4EA5-818B-E0CFEFD5C0E3}.Debug|ARM.Build.0 = Debug|Any CPU
		{F712CF27-F288-4EA5-818B-E0CFEFD5C0E3}.Debug|x64.ActiveCfg = Debug|Any CPU
		{F712CF27-F288-4EA5-818B-E0CFEFD5C0E3}.Debug|x64.Build.0 = Debug|Any CPU
		{F712CF27-F288-4EA5-818B-E0CFEFD5C0E3}.Debug|x86.ActiveCfg = Debug|Any CPU
		{F712CF27-F288-4EA5-818B-E0CFEFD5C0E3}.Debug|x86.Build.0 = Debug|Any CPU
		{F712CF27-F288-4EA5-818B-E0CFEFD5C0E3}.Release|Any CPU.ActiveCfg = Release|Any CPU
		{F712CF27-F288-4EA5-818B-E0CFEFD5C0E3}.Release|Any CPU.Build.0 = Release|Any CPU
		{F712CF27-F288-4EA5-818B-E0CFEFD5C0E3}.Release|ARM.ActiveCfg = Release|Any CPU
		{F712CF27-F288-4EA5-818B-E0CFEFD5C0E3}.Release|ARM.Build.0 = Release|Any CPU
		{F712CF27-F288-4EA5-818B-E0CFEFD5C0E3}.Release|x64.ActiveCfg = Release|Any CPU
		{F712CF27-F288-4EA5-818B-E0CFEFD5C0E3}.Release|x64.Build.0 = Release|Any CPU
		{F712CF27-F288-4EA5-818B-E0CFEFD5C0E3}.Release|x86.ActiveCfg = Release|Any CPU
		{F712CF27-F288-4EA5-818B-E0CFEFD5C0E3}.Release|x86.Build.0 = Release|Any CPU
		{5A343AD4-3B47-4F7F-8A74-15E1B2FF015C}.Debug|Any CPU.ActiveCfg = Debug|Any CPU
		{5A343AD4-3B47-4F7F-8A74-15E1B2FF015C}.Debug|Any CPU.Build.0 = Debug|Any CPU
		{5A343AD4-3B47-4F7F-8A74-15E1B2FF015C}.Debug|ARM.ActiveCfg = Debug|Any CPU
		{5A343AD4-3B47-4F7F-8A74-15E1B2FF015C}.Debug|ARM.Build.0 = Debug|Any CPU
		{5A343AD4-3B47-4F7F-8A74-15E1B2FF015C}.Debug|x64.ActiveCfg = Debug|Any CPU
		{5A343AD4-3B47-4F7F-8A74-15E1B2FF015C}.Debug|x64.Build.0 = Debug|Any CPU
		{5A343AD4-3B47-4F7F-8A74-15E1B2FF015C}.Debug|x86.ActiveCfg = Debug|Any CPU
		{5A343AD4-3B47-4F7F-8A74-15E1B2FF015C}.Debug|x86.Build.0 = Debug|Any CPU
		{5A343AD4-3B47-4F7F-8A74-15E1B2FF015C}.Release|Any CPU.ActiveCfg = Release|Any CPU
		{5A343AD4-3B47-4F7F-8A74-15E1B2FF015C}.Release|Any CPU.Build.0 = Release|Any CPU
		{5A343AD4-3B47-4F7F-8A74-15E1B2FF015C}.Release|ARM.ActiveCfg = Release|Any CPU
		{5A343AD4-3B47-4F7F-8A74-15E1B2FF015C}.Release|ARM.Build.0 = Release|Any CPU
		{5A343AD4-3B47-4F7F-8A74-15E1B2FF015C}.Release|x64.ActiveCfg = Release|Any CPU
		{5A343AD4-3B47-4F7F-8A74-15E1B2FF015C}.Release|x64.Build.0 = Release|Any CPU
		{5A343AD4-3B47-4F7F-8A74-15E1B2FF015C}.Release|x86.ActiveCfg = Release|Any CPU
		{5A343AD4-3B47-4F7F-8A74-15E1B2FF015C}.Release|x86.Build.0 = Release|Any CPU
		{BEF718A4-72B4-4AD0-9F35-304C66925ADB}.Debug|Any CPU.ActiveCfg = Debug|Any CPU
		{BEF718A4-72B4-4AD0-9F35-304C66925ADB}.Debug|Any CPU.Build.0 = Debug|Any CPU
		{BEF718A4-72B4-4AD0-9F35-304C66925ADB}.Debug|ARM.ActiveCfg = Debug|Any CPU
		{BEF718A4-72B4-4AD0-9F35-304C66925ADB}.Debug|ARM.Build.0 = Debug|Any CPU
		{BEF718A4-72B4-4AD0-9F35-304C66925ADB}.Debug|x64.ActiveCfg = Debug|Any CPU
		{BEF718A4-72B4-4AD0-9F35-304C66925ADB}.Debug|x64.Build.0 = Debug|Any CPU
		{BEF718A4-72B4-4AD0-9F35-304C66925ADB}.Debug|x86.ActiveCfg = Debug|Any CPU
		{BEF718A4-72B4-4AD0-9F35-304C66925ADB}.Debug|x86.Build.0 = Debug|Any CPU
		{BEF718A4-72B4-4AD0-9F35-304C66925ADB}.Release|Any CPU.ActiveCfg = Release|Any CPU
		{BEF718A4-72B4-4AD0-9F35-304C66925ADB}.Release|Any CPU.Build.0 = Release|Any CPU
		{BEF718A4-72B4-4AD0-9F35-304C66925ADB}.Release|ARM.ActiveCfg = Release|Any CPU
		{BEF718A4-72B4-4AD0-9F35-304C66925ADB}.Release|ARM.Build.0 = Release|Any CPU
		{BEF718A4-72B4-4AD0-9F35-304C66925ADB}.Release|x64.ActiveCfg = Release|Any CPU
		{BEF718A4-72B4-4AD0-9F35-304C66925ADB}.Release|x64.Build.0 = Release|Any CPU
		{BEF718A4-72B4-4AD0-9F35-304C66925ADB}.Release|x86.ActiveCfg = Release|Any CPU
		{BEF718A4-72B4-4AD0-9F35-304C66925ADB}.Release|x86.Build.0 = Release|Any CPU
		{ACEF44F3-4B1D-410F-BC7E-0470F37EA5EB}.Debug|Any CPU.ActiveCfg = Debug|Any CPU
		{ACEF44F3-4B1D-410F-BC7E-0470F37EA5EB}.Debug|Any CPU.Build.0 = Debug|Any CPU
		{ACEF44F3-4B1D-410F-BC7E-0470F37EA5EB}.Debug|ARM.ActiveCfg = Debug|Any CPU
		{ACEF44F3-4B1D-410F-BC7E-0470F37EA5EB}.Debug|ARM.Build.0 = Debug|Any CPU
		{ACEF44F3-4B1D-410F-BC7E-0470F37EA5EB}.Debug|x64.ActiveCfg = Debug|Any CPU
		{ACEF44F3-4B1D-410F-BC7E-0470F37EA5EB}.Debug|x64.Build.0 = Debug|Any CPU
		{ACEF44F3-4B1D-410F-BC7E-0470F37EA5EB}.Debug|x86.ActiveCfg = Debug|Any CPU
		{ACEF44F3-4B1D-410F-BC7E-0470F37EA5EB}.Debug|x86.Build.0 = Debug|Any CPU
		{ACEF44F3-4B1D-410F-BC7E-0470F37EA5EB}.Release|Any CPU.ActiveCfg = Release|Any CPU
		{ACEF44F3-4B1D-410F-BC7E-0470F37EA5EB}.Release|Any CPU.Build.0 = Release|Any CPU
		{ACEF44F3-4B1D-410F-BC7E-0470F37EA5EB}.Release|ARM.ActiveCfg = Release|Any CPU
		{ACEF44F3-4B1D-410F-BC7E-0470F37EA5EB}.Release|ARM.Build.0 = Release|Any CPU
		{ACEF44F3-4B1D-410F-BC7E-0470F37EA5EB}.Release|x64.ActiveCfg = Release|Any CPU
		{ACEF44F3-4B1D-410F-BC7E-0470F37EA5EB}.Release|x64.Build.0 = Release|Any CPU
		{ACEF44F3-4B1D-410F-BC7E-0470F37EA5EB}.Release|x86.ActiveCfg = Release|Any CPU
		{ACEF44F3-4B1D-410F-BC7E-0470F37EA5EB}.Release|x86.Build.0 = Release|Any CPU
		{9C8CB7AA-C80C-4564-BFC6-BE2B1AE97318}.Debug|Any CPU.ActiveCfg = Debug|Any CPU
		{9C8CB7AA-C80C-4564-BFC6-BE2B1AE97318}.Debug|Any CPU.Build.0 = Debug|Any CPU
		{9C8CB7AA-C80C-4564-BFC6-BE2B1AE97318}.Debug|ARM.ActiveCfg = Debug|Any CPU
		{9C8CB7AA-C80C-4564-BFC6-BE2B1AE97318}.Debug|ARM.Build.0 = Debug|Any CPU
		{9C8CB7AA-C80C-4564-BFC6-BE2B1AE97318}.Debug|x64.ActiveCfg = Debug|Any CPU
		{9C8CB7AA-C80C-4564-BFC6-BE2B1AE97318}.Debug|x64.Build.0 = Debug|Any CPU
		{9C8CB7AA-C80C-4564-BFC6-BE2B1AE97318}.Debug|x86.ActiveCfg = Debug|Any CPU
		{9C8CB7AA-C80C-4564-BFC6-BE2B1AE97318}.Debug|x86.Build.0 = Debug|Any CPU
		{9C8CB7AA-C80C-4564-BFC6-BE2B1AE97318}.Release|Any CPU.ActiveCfg = Release|Any CPU
		{9C8CB7AA-C80C-4564-BFC6-BE2B1AE97318}.Release|Any CPU.Build.0 = Release|Any CPU
		{9C8CB7AA-C80C-4564-BFC6-BE2B1AE97318}.Release|ARM.ActiveCfg = Release|Any CPU
		{9C8CB7AA-C80C-4564-BFC6-BE2B1AE97318}.Release|ARM.Build.0 = Release|Any CPU
		{9C8CB7AA-C80C-4564-BFC6-BE2B1AE97318}.Release|x64.ActiveCfg = Release|Any CPU
		{9C8CB7AA-C80C-4564-BFC6-BE2B1AE97318}.Release|x64.Build.0 = Release|Any CPU
		{9C8CB7AA-C80C-4564-BFC6-BE2B1AE97318}.Release|x86.ActiveCfg = Release|Any CPU
		{9C8CB7AA-C80C-4564-BFC6-BE2B1AE97318}.Release|x86.Build.0 = Release|Any CPU
		{FDAF41F3-94E6-47FE-A07E-FA44119BB530}.Debug|Any CPU.ActiveCfg = Debug|Any CPU
		{FDAF41F3-94E6-47FE-A07E-FA44119BB530}.Debug|Any CPU.Build.0 = Debug|Any CPU
		{FDAF41F3-94E6-47FE-A07E-FA44119BB530}.Debug|ARM.ActiveCfg = Debug|Any CPU
		{FDAF41F3-94E6-47FE-A07E-FA44119BB530}.Debug|ARM.Build.0 = Debug|Any CPU
		{FDAF41F3-94E6-47FE-A07E-FA44119BB530}.Debug|x64.ActiveCfg = Debug|Any CPU
		{FDAF41F3-94E6-47FE-A07E-FA44119BB530}.Debug|x64.Build.0 = Debug|Any CPU
		{FDAF41F3-94E6-47FE-A07E-FA44119BB530}.Debug|x86.ActiveCfg = Debug|Any CPU
		{FDAF41F3-94E6-47FE-A07E-FA44119BB530}.Debug|x86.Build.0 = Debug|Any CPU
		{FDAF41F3-94E6-47FE-A07E-FA44119BB530}.Release|Any CPU.ActiveCfg = Release|Any CPU
		{FDAF41F3-94E6-47FE-A07E-FA44119BB530}.Release|Any CPU.Build.0 = Release|Any CPU
		{FDAF41F3-94E6-47FE-A07E-FA44119BB530}.Release|ARM.ActiveCfg = Release|Any CPU
		{FDAF41F3-94E6-47FE-A07E-FA44119BB530}.Release|ARM.Build.0 = Release|Any CPU
		{FDAF41F3-94E6-47FE-A07E-FA44119BB530}.Release|x64.ActiveCfg = Release|Any CPU
		{FDAF41F3-94E6-47FE-A07E-FA44119BB530}.Release|x64.Build.0 = Release|Any CPU
		{FDAF41F3-94E6-47FE-A07E-FA44119BB530}.Release|x86.ActiveCfg = Release|Any CPU
		{FDAF41F3-94E6-47FE-A07E-FA44119BB530}.Release|x86.Build.0 = Release|Any CPU
		{FE33DD69-644D-44BE-BE49-D3B5E52CA400}.Debug|Any CPU.ActiveCfg = Debug|Any CPU
		{FE33DD69-644D-44BE-BE49-D3B5E52CA400}.Debug|Any CPU.Build.0 = Debug|Any CPU
		{FE33DD69-644D-44BE-BE49-D3B5E52CA400}.Debug|ARM.ActiveCfg = Debug|Any CPU
		{FE33DD69-644D-44BE-BE49-D3B5E52CA400}.Debug|ARM.Build.0 = Debug|Any CPU
		{FE33DD69-644D-44BE-BE49-D3B5E52CA400}.Debug|x64.ActiveCfg = Debug|Any CPU
		{FE33DD69-644D-44BE-BE49-D3B5E52CA400}.Debug|x64.Build.0 = Debug|Any CPU
		{FE33DD69-644D-44BE-BE49-D3B5E52CA400}.Debug|x86.ActiveCfg = Debug|Any CPU
		{FE33DD69-644D-44BE-BE49-D3B5E52CA400}.Debug|x86.Build.0 = Debug|Any CPU
		{FE33DD69-644D-44BE-BE49-D3B5E52CA400}.Release|Any CPU.ActiveCfg = Release|Any CPU
		{FE33DD69-644D-44BE-BE49-D3B5E52CA400}.Release|Any CPU.Build.0 = Release|Any CPU
		{FE33DD69-644D-44BE-BE49-D3B5E52CA400}.Release|ARM.ActiveCfg = Release|Any CPU
		{FE33DD69-644D-44BE-BE49-D3B5E52CA400}.Release|ARM.Build.0 = Release|Any CPU
		{FE33DD69-644D-44BE-BE49-D3B5E52CA400}.Release|x64.ActiveCfg = Release|Any CPU
		{FE33DD69-644D-44BE-BE49-D3B5E52CA400}.Release|x64.Build.0 = Release|Any CPU
		{FE33DD69-644D-44BE-BE49-D3B5E52CA400}.Release|x86.ActiveCfg = Release|Any CPU
		{FE33DD69-644D-44BE-BE49-D3B5E52CA400}.Release|x86.Build.0 = Release|Any CPU
		{DA4E2767-2C8F-4D88-AB3D-1D5FEB4348E3}.Debug|Any CPU.ActiveCfg = Debug|Any CPU
		{DA4E2767-2C8F-4D88-AB3D-1D5FEB4348E3}.Debug|Any CPU.Build.0 = Debug|Any CPU
		{DA4E2767-2C8F-4D88-AB3D-1D5FEB4348E3}.Debug|ARM.ActiveCfg = Debug|Any CPU
		{DA4E2767-2C8F-4D88-AB3D-1D5FEB4348E3}.Debug|ARM.Build.0 = Debug|Any CPU
		{DA4E2767-2C8F-4D88-AB3D-1D5FEB4348E3}.Debug|x64.ActiveCfg = Debug|Any CPU
		{DA4E2767-2C8F-4D88-AB3D-1D5FEB4348E3}.Debug|x64.Build.0 = Debug|Any CPU
		{DA4E2767-2C8F-4D88-AB3D-1D5FEB4348E3}.Debug|x86.ActiveCfg = Debug|Any CPU
		{DA4E2767-2C8F-4D88-AB3D-1D5FEB4348E3}.Debug|x86.Build.0 = Debug|Any CPU
		{DA4E2767-2C8F-4D88-AB3D-1D5FEB4348E3}.Release|Any CPU.ActiveCfg = Release|Any CPU
		{DA4E2767-2C8F-4D88-AB3D-1D5FEB4348E3}.Release|Any CPU.Build.0 = Release|Any CPU
		{DA4E2767-2C8F-4D88-AB3D-1D5FEB4348E3}.Release|ARM.ActiveCfg = Release|Any CPU
		{DA4E2767-2C8F-4D88-AB3D-1D5FEB4348E3}.Release|ARM.Build.0 = Release|Any CPU
		{DA4E2767-2C8F-4D88-AB3D-1D5FEB4348E3}.Release|x64.ActiveCfg = Release|Any CPU
		{DA4E2767-2C8F-4D88-AB3D-1D5FEB4348E3}.Release|x64.Build.0 = Release|Any CPU
		{DA4E2767-2C8F-4D88-AB3D-1D5FEB4348E3}.Release|x86.ActiveCfg = Release|Any CPU
		{DA4E2767-2C8F-4D88-AB3D-1D5FEB4348E3}.Release|x86.Build.0 = Release|Any CPU
		{37342F03-9B58-4C60-99D8-3AED3DA5AF60}.Debug|Any CPU.ActiveCfg = Debug|Any CPU
		{37342F03-9B58-4C60-99D8-3AED3DA5AF60}.Debug|Any CPU.Build.0 = Debug|Any CPU
		{37342F03-9B58-4C60-99D8-3AED3DA5AF60}.Debug|ARM.ActiveCfg = Debug|Any CPU
		{37342F03-9B58-4C60-99D8-3AED3DA5AF60}.Debug|ARM.Build.0 = Debug|Any CPU
		{37342F03-9B58-4C60-99D8-3AED3DA5AF60}.Debug|x64.ActiveCfg = Debug|Any CPU
		{37342F03-9B58-4C60-99D8-3AED3DA5AF60}.Debug|x64.Build.0 = Debug|Any CPU
		{37342F03-9B58-4C60-99D8-3AED3DA5AF60}.Debug|x86.ActiveCfg = Debug|Any CPU
		{37342F03-9B58-4C60-99D8-3AED3DA5AF60}.Debug|x86.Build.0 = Debug|Any CPU
		{37342F03-9B58-4C60-99D8-3AED3DA5AF60}.Release|Any CPU.ActiveCfg = Release|Any CPU
		{37342F03-9B58-4C60-99D8-3AED3DA5AF60}.Release|Any CPU.Build.0 = Release|Any CPU
		{37342F03-9B58-4C60-99D8-3AED3DA5AF60}.Release|ARM.ActiveCfg = Release|Any CPU
		{37342F03-9B58-4C60-99D8-3AED3DA5AF60}.Release|ARM.Build.0 = Release|Any CPU
		{37342F03-9B58-4C60-99D8-3AED3DA5AF60}.Release|x64.ActiveCfg = Release|Any CPU
		{37342F03-9B58-4C60-99D8-3AED3DA5AF60}.Release|x64.Build.0 = Release|Any CPU
		{37342F03-9B58-4C60-99D8-3AED3DA5AF60}.Release|x86.ActiveCfg = Release|Any CPU
		{37342F03-9B58-4C60-99D8-3AED3DA5AF60}.Release|x86.Build.0 = Release|Any CPU
		{11054ACC-6A9F-4653-898C-E4A10E67DB7F}.Debug|Any CPU.ActiveCfg = Debug|Any CPU
		{11054ACC-6A9F-4653-898C-E4A10E67DB7F}.Debug|Any CPU.Build.0 = Debug|Any CPU
		{11054ACC-6A9F-4653-898C-E4A10E67DB7F}.Debug|ARM.ActiveCfg = Debug|Any CPU
		{11054ACC-6A9F-4653-898C-E4A10E67DB7F}.Debug|ARM.Build.0 = Debug|Any CPU
		{11054ACC-6A9F-4653-898C-E4A10E67DB7F}.Debug|x64.ActiveCfg = Debug|Any CPU
		{11054ACC-6A9F-4653-898C-E4A10E67DB7F}.Debug|x64.Build.0 = Debug|Any CPU
		{11054ACC-6A9F-4653-898C-E4A10E67DB7F}.Debug|x86.ActiveCfg = Debug|Any CPU
		{11054ACC-6A9F-4653-898C-E4A10E67DB7F}.Debug|x86.Build.0 = Debug|Any CPU
		{11054ACC-6A9F-4653-898C-E4A10E67DB7F}.Release|Any CPU.ActiveCfg = Release|Any CPU
		{11054ACC-6A9F-4653-898C-E4A10E67DB7F}.Release|Any CPU.Build.0 = Release|Any CPU
		{11054ACC-6A9F-4653-898C-E4A10E67DB7F}.Release|ARM.ActiveCfg = Release|Any CPU
		{11054ACC-6A9F-4653-898C-E4A10E67DB7F}.Release|ARM.Build.0 = Release|Any CPU
		{11054ACC-6A9F-4653-898C-E4A10E67DB7F}.Release|x64.ActiveCfg = Release|Any CPU
		{11054ACC-6A9F-4653-898C-E4A10E67DB7F}.Release|x64.Build.0 = Release|Any CPU
		{11054ACC-6A9F-4653-898C-E4A10E67DB7F}.Release|x86.ActiveCfg = Release|Any CPU
		{11054ACC-6A9F-4653-898C-E4A10E67DB7F}.Release|x86.Build.0 = Release|Any CPU
		{EF1E92AB-46AE-4D69-BF5D-1D9E98510683}.Debug|Any CPU.ActiveCfg = Debug|Any CPU
		{EF1E92AB-46AE-4D69-BF5D-1D9E98510683}.Debug|Any CPU.Build.0 = Debug|Any CPU
		{EF1E92AB-46AE-4D69-BF5D-1D9E98510683}.Debug|ARM.ActiveCfg = Debug|Any CPU
		{EF1E92AB-46AE-4D69-BF5D-1D9E98510683}.Debug|ARM.Build.0 = Debug|Any CPU
		{EF1E92AB-46AE-4D69-BF5D-1D9E98510683}.Debug|x64.ActiveCfg = Debug|Any CPU
		{EF1E92AB-46AE-4D69-BF5D-1D9E98510683}.Debug|x64.Build.0 = Debug|Any CPU
		{EF1E92AB-46AE-4D69-BF5D-1D9E98510683}.Debug|x86.ActiveCfg = Debug|Any CPU
		{EF1E92AB-46AE-4D69-BF5D-1D9E98510683}.Debug|x86.Build.0 = Debug|Any CPU
		{EF1E92AB-46AE-4D69-BF5D-1D9E98510683}.Release|Any CPU.ActiveCfg = Release|Any CPU
		{EF1E92AB-46AE-4D69-BF5D-1D9E98510683}.Release|Any CPU.Build.0 = Release|Any CPU
		{EF1E92AB-46AE-4D69-BF5D-1D9E98510683}.Release|ARM.ActiveCfg = Release|Any CPU
		{EF1E92AB-46AE-4D69-BF5D-1D9E98510683}.Release|ARM.Build.0 = Release|Any CPU
		{EF1E92AB-46AE-4D69-BF5D-1D9E98510683}.Release|x64.ActiveCfg = Release|Any CPU
		{EF1E92AB-46AE-4D69-BF5D-1D9E98510683}.Release|x64.Build.0 = Release|Any CPU
		{EF1E92AB-46AE-4D69-BF5D-1D9E98510683}.Release|x86.ActiveCfg = Release|Any CPU
		{EF1E92AB-46AE-4D69-BF5D-1D9E98510683}.Release|x86.Build.0 = Release|Any CPU
		{43CE8C61-8640-4721-9641-7213531BD638}.Debug|Any CPU.ActiveCfg = Debug|Any CPU
		{43CE8C61-8640-4721-9641-7213531BD638}.Debug|Any CPU.Build.0 = Debug|Any CPU
		{43CE8C61-8640-4721-9641-7213531BD638}.Debug|ARM.ActiveCfg = Debug|Any CPU
		{43CE8C61-8640-4721-9641-7213531BD638}.Debug|ARM.Build.0 = Debug|Any CPU
		{43CE8C61-8640-4721-9641-7213531BD638}.Debug|x64.ActiveCfg = Debug|Any CPU
		{43CE8C61-8640-4721-9641-7213531BD638}.Debug|x64.Build.0 = Debug|Any CPU
		{43CE8C61-8640-4721-9641-7213531BD638}.Debug|x86.ActiveCfg = Debug|Any CPU
		{43CE8C61-8640-4721-9641-7213531BD638}.Debug|x86.Build.0 = Debug|Any CPU
		{43CE8C61-8640-4721-9641-7213531BD638}.Release|Any CPU.ActiveCfg = Release|Any CPU
		{43CE8C61-8640-4721-9641-7213531BD638}.Release|Any CPU.Build.0 = Release|Any CPU
		{43CE8C61-8640-4721-9641-7213531BD638}.Release|ARM.ActiveCfg = Release|Any CPU
		{43CE8C61-8640-4721-9641-7213531BD638}.Release|ARM.Build.0 = Release|Any CPU
		{43CE8C61-8640-4721-9641-7213531BD638}.Release|x64.ActiveCfg = Release|Any CPU
		{43CE8C61-8640-4721-9641-7213531BD638}.Release|x64.Build.0 = Release|Any CPU
		{43CE8C61-8640-4721-9641-7213531BD638}.Release|x86.ActiveCfg = Release|Any CPU
		{43CE8C61-8640-4721-9641-7213531BD638}.Release|x86.Build.0 = Release|Any CPU
		{8B27F21C-40D8-473A-9CE3-BF1D74B78FC4}.Debug|Any CPU.ActiveCfg = Debug|Any CPU
		{8B27F21C-40D8-473A-9CE3-BF1D74B78FC4}.Debug|Any CPU.Build.0 = Debug|Any CPU
		{8B27F21C-40D8-473A-9CE3-BF1D74B78FC4}.Debug|ARM.ActiveCfg = Debug|Any CPU
		{8B27F21C-40D8-473A-9CE3-BF1D74B78FC4}.Debug|ARM.Build.0 = Debug|Any CPU
		{8B27F21C-40D8-473A-9CE3-BF1D74B78FC4}.Debug|x64.ActiveCfg = Debug|Any CPU
		{8B27F21C-40D8-473A-9CE3-BF1D74B78FC4}.Debug|x64.Build.0 = Debug|Any CPU
		{8B27F21C-40D8-473A-9CE3-BF1D74B78FC4}.Debug|x86.ActiveCfg = Debug|Any CPU
		{8B27F21C-40D8-473A-9CE3-BF1D74B78FC4}.Debug|x86.Build.0 = Debug|Any CPU
		{8B27F21C-40D8-473A-9CE3-BF1D74B78FC4}.Release|Any CPU.ActiveCfg = Release|Any CPU
		{8B27F21C-40D8-473A-9CE3-BF1D74B78FC4}.Release|Any CPU.Build.0 = Release|Any CPU
		{8B27F21C-40D8-473A-9CE3-BF1D74B78FC4}.Release|ARM.ActiveCfg = Release|Any CPU
		{8B27F21C-40D8-473A-9CE3-BF1D74B78FC4}.Release|ARM.Build.0 = Release|Any CPU
		{8B27F21C-40D8-473A-9CE3-BF1D74B78FC4}.Release|x64.ActiveCfg = Release|Any CPU
		{8B27F21C-40D8-473A-9CE3-BF1D74B78FC4}.Release|x64.Build.0 = Release|Any CPU
		{8B27F21C-40D8-473A-9CE3-BF1D74B78FC4}.Release|x86.ActiveCfg = Release|Any CPU
		{8B27F21C-40D8-473A-9CE3-BF1D74B78FC4}.Release|x86.Build.0 = Release|Any CPU
		{55790A4C-F508-421B-814B-CCFA47EE25DA}.Debug|Any CPU.ActiveCfg = Debug|Any CPU
		{55790A4C-F508-421B-814B-CCFA47EE25DA}.Debug|Any CPU.Build.0 = Debug|Any CPU
		{55790A4C-F508-421B-814B-CCFA47EE25DA}.Debug|ARM.ActiveCfg = Debug|Any CPU
		{55790A4C-F508-421B-814B-CCFA47EE25DA}.Debug|ARM.Build.0 = Debug|Any CPU
		{55790A4C-F508-421B-814B-CCFA47EE25DA}.Debug|x64.ActiveCfg = Debug|Any CPU
		{55790A4C-F508-421B-814B-CCFA47EE25DA}.Debug|x64.Build.0 = Debug|Any CPU
		{55790A4C-F508-421B-814B-CCFA47EE25DA}.Debug|x86.ActiveCfg = Debug|Any CPU
		{55790A4C-F508-421B-814B-CCFA47EE25DA}.Debug|x86.Build.0 = Debug|Any CPU
		{55790A4C-F508-421B-814B-CCFA47EE25DA}.Release|Any CPU.ActiveCfg = Release|Any CPU
		{55790A4C-F508-421B-814B-CCFA47EE25DA}.Release|Any CPU.Build.0 = Release|Any CPU
		{55790A4C-F508-421B-814B-CCFA47EE25DA}.Release|ARM.ActiveCfg = Release|Any CPU
		{55790A4C-F508-421B-814B-CCFA47EE25DA}.Release|ARM.Build.0 = Release|Any CPU
		{55790A4C-F508-421B-814B-CCFA47EE25DA}.Release|x64.ActiveCfg = Release|Any CPU
		{55790A4C-F508-421B-814B-CCFA47EE25DA}.Release|x64.Build.0 = Release|Any CPU
		{55790A4C-F508-421B-814B-CCFA47EE25DA}.Release|x86.ActiveCfg = Release|Any CPU
		{55790A4C-F508-421B-814B-CCFA47EE25DA}.Release|x86.Build.0 = Release|Any CPU
		{96BEB700-7463-4893-9182-204BA897EDA0}.Debug|Any CPU.ActiveCfg = Debug|Any CPU
		{96BEB700-7463-4893-9182-204BA897EDA0}.Debug|Any CPU.Build.0 = Debug|Any CPU
		{96BEB700-7463-4893-9182-204BA897EDA0}.Debug|ARM.ActiveCfg = Debug|Any CPU
		{96BEB700-7463-4893-9182-204BA897EDA0}.Debug|ARM.Build.0 = Debug|Any CPU
		{96BEB700-7463-4893-9182-204BA897EDA0}.Debug|x64.ActiveCfg = Debug|Any CPU
		{96BEB700-7463-4893-9182-204BA897EDA0}.Debug|x64.Build.0 = Debug|Any CPU
		{96BEB700-7463-4893-9182-204BA897EDA0}.Debug|x86.ActiveCfg = Debug|Any CPU
		{96BEB700-7463-4893-9182-204BA897EDA0}.Debug|x86.Build.0 = Debug|Any CPU
		{96BEB700-7463-4893-9182-204BA897EDA0}.Release|Any CPU.ActiveCfg = Release|Any CPU
		{96BEB700-7463-4893-9182-204BA897EDA0}.Release|Any CPU.Build.0 = Release|Any CPU
		{96BEB700-7463-4893-9182-204BA897EDA0}.Release|ARM.ActiveCfg = Release|Any CPU
		{96BEB700-7463-4893-9182-204BA897EDA0}.Release|ARM.Build.0 = Release|Any CPU
		{96BEB700-7463-4893-9182-204BA897EDA0}.Release|x64.ActiveCfg = Release|Any CPU
		{96BEB700-7463-4893-9182-204BA897EDA0}.Release|x64.Build.0 = Release|Any CPU
		{96BEB700-7463-4893-9182-204BA897EDA0}.Release|x86.ActiveCfg = Release|Any CPU
		{96BEB700-7463-4893-9182-204BA897EDA0}.Release|x86.Build.0 = Release|Any CPU
		{240A7316-2DB5-4E02-A495-FFCCCEE77407}.Debug|Any CPU.ActiveCfg = Debug|Any CPU
		{240A7316-2DB5-4E02-A495-FFCCCEE77407}.Debug|Any CPU.Build.0 = Debug|Any CPU
		{240A7316-2DB5-4E02-A495-FFCCCEE77407}.Debug|ARM.ActiveCfg = Debug|Any CPU
		{240A7316-2DB5-4E02-A495-FFCCCEE77407}.Debug|ARM.Build.0 = Debug|Any CPU
		{240A7316-2DB5-4E02-A495-FFCCCEE77407}.Debug|x64.ActiveCfg = Debug|Any CPU
		{240A7316-2DB5-4E02-A495-FFCCCEE77407}.Debug|x64.Build.0 = Debug|Any CPU
		{240A7316-2DB5-4E02-A495-FFCCCEE77407}.Debug|x86.ActiveCfg = Debug|Any CPU
		{240A7316-2DB5-4E02-A495-FFCCCEE77407}.Debug|x86.Build.0 = Debug|Any CPU
		{240A7316-2DB5-4E02-A495-FFCCCEE77407}.Release|Any CPU.ActiveCfg = Release|Any CPU
		{240A7316-2DB5-4E02-A495-FFCCCEE77407}.Release|Any CPU.Build.0 = Release|Any CPU
		{240A7316-2DB5-4E02-A495-FFCCCEE77407}.Release|ARM.ActiveCfg = Release|Any CPU
		{240A7316-2DB5-4E02-A495-FFCCCEE77407}.Release|ARM.Build.0 = Release|Any CPU
		{240A7316-2DB5-4E02-A495-FFCCCEE77407}.Release|x64.ActiveCfg = Release|Any CPU
		{240A7316-2DB5-4E02-A495-FFCCCEE77407}.Release|x64.Build.0 = Release|Any CPU
		{240A7316-2DB5-4E02-A495-FFCCCEE77407}.Release|x86.ActiveCfg = Release|Any CPU
		{240A7316-2DB5-4E02-A495-FFCCCEE77407}.Release|x86.Build.0 = Release|Any CPU
		{E9E0FE3A-0AD3-4FA6-9F76-F11CF2F4D3B5}.Debug|Any CPU.ActiveCfg = Debug|Any CPU
		{E9E0FE3A-0AD3-4FA6-9F76-F11CF2F4D3B5}.Debug|Any CPU.Build.0 = Debug|Any CPU
		{E9E0FE3A-0AD3-4FA6-9F76-F11CF2F4D3B5}.Debug|ARM.ActiveCfg = Debug|Any CPU
		{E9E0FE3A-0AD3-4FA6-9F76-F11CF2F4D3B5}.Debug|ARM.Build.0 = Debug|Any CPU
		{E9E0FE3A-0AD3-4FA6-9F76-F11CF2F4D3B5}.Debug|x64.ActiveCfg = Debug|Any CPU
		{E9E0FE3A-0AD3-4FA6-9F76-F11CF2F4D3B5}.Debug|x64.Build.0 = Debug|Any CPU
		{E9E0FE3A-0AD3-4FA6-9F76-F11CF2F4D3B5}.Debug|x86.ActiveCfg = Debug|Any CPU
		{E9E0FE3A-0AD3-4FA6-9F76-F11CF2F4D3B5}.Debug|x86.Build.0 = Debug|Any CPU
		{E9E0FE3A-0AD3-4FA6-9F76-F11CF2F4D3B5}.Release|Any CPU.ActiveCfg = Release|Any CPU
		{E9E0FE3A-0AD3-4FA6-9F76-F11CF2F4D3B5}.Release|Any CPU.Build.0 = Release|Any CPU
		{E9E0FE3A-0AD3-4FA6-9F76-F11CF2F4D3B5}.Release|ARM.ActiveCfg = Release|Any CPU
		{E9E0FE3A-0AD3-4FA6-9F76-F11CF2F4D3B5}.Release|ARM.Build.0 = Release|Any CPU
		{E9E0FE3A-0AD3-4FA6-9F76-F11CF2F4D3B5}.Release|x64.ActiveCfg = Release|Any CPU
		{E9E0FE3A-0AD3-4FA6-9F76-F11CF2F4D3B5}.Release|x64.Build.0 = Release|Any CPU
		{E9E0FE3A-0AD3-4FA6-9F76-F11CF2F4D3B5}.Release|x86.ActiveCfg = Release|Any CPU
		{E9E0FE3A-0AD3-4FA6-9F76-F11CF2F4D3B5}.Release|x86.Build.0 = Release|Any CPU
		{550B6E5F-AD35-49A8-A46D-6F0319DBF821}.Debug|Any CPU.ActiveCfg = Debug|Win32
		{550B6E5F-AD35-49A8-A46D-6F0319DBF821}.Debug|ARM.ActiveCfg = Debug|Win32
		{550B6E5F-AD35-49A8-A46D-6F0319DBF821}.Debug|x64.ActiveCfg = Debug|x64
		{550B6E5F-AD35-49A8-A46D-6F0319DBF821}.Debug|x64.Build.0 = Debug|x64
		{550B6E5F-AD35-49A8-A46D-6F0319DBF821}.Debug|x86.ActiveCfg = Debug|Win32
		{550B6E5F-AD35-49A8-A46D-6F0319DBF821}.Debug|x86.Build.0 = Debug|Win32
		{550B6E5F-AD35-49A8-A46D-6F0319DBF821}.Release|Any CPU.ActiveCfg = Release|Win32
		{550B6E5F-AD35-49A8-A46D-6F0319DBF821}.Release|ARM.ActiveCfg = Release|Win32
		{550B6E5F-AD35-49A8-A46D-6F0319DBF821}.Release|x64.ActiveCfg = Release|x64
		{550B6E5F-AD35-49A8-A46D-6F0319DBF821}.Release|x64.Build.0 = Release|x64
		{550B6E5F-AD35-49A8-A46D-6F0319DBF821}.Release|x86.ActiveCfg = Release|Win32
		{550B6E5F-AD35-49A8-A46D-6F0319DBF821}.Release|x86.Build.0 = Release|Win32
		{ED6658FD-DB82-4D14-861F-DE535C822036}.Debug|Any CPU.ActiveCfg = Debug|Win32
		{ED6658FD-DB82-4D14-861F-DE535C822036}.Debug|ARM.ActiveCfg = Debug|Win32
		{ED6658FD-DB82-4D14-861F-DE535C822036}.Debug|x64.ActiveCfg = Debug|x64
		{ED6658FD-DB82-4D14-861F-DE535C822036}.Debug|x64.Build.0 = Debug|x64
		{ED6658FD-DB82-4D14-861F-DE535C822036}.Debug|x86.ActiveCfg = Debug|Win32
		{ED6658FD-DB82-4D14-861F-DE535C822036}.Debug|x86.Build.0 = Debug|Win32
		{ED6658FD-DB82-4D14-861F-DE535C822036}.Release|Any CPU.ActiveCfg = Release|Win32
		{ED6658FD-DB82-4D14-861F-DE535C822036}.Release|ARM.ActiveCfg = Release|Win32
		{ED6658FD-DB82-4D14-861F-DE535C822036}.Release|x64.ActiveCfg = Release|x64
		{ED6658FD-DB82-4D14-861F-DE535C822036}.Release|x64.Build.0 = Release|x64
		{ED6658FD-DB82-4D14-861F-DE535C822036}.Release|x86.ActiveCfg = Release|Win32
		{ED6658FD-DB82-4D14-861F-DE535C822036}.Release|x86.Build.0 = Release|Win32
		{DE6496DD-9BFD-40F8-B6B3-CC5ED86DA67C}.Debug|Any CPU.ActiveCfg = Debug|Win32
		{DE6496DD-9BFD-40F8-B6B3-CC5ED86DA67C}.Debug|ARM.ActiveCfg = Debug|Win32
		{DE6496DD-9BFD-40F8-B6B3-CC5ED86DA67C}.Debug|x64.ActiveCfg = Debug|x64
		{DE6496DD-9BFD-40F8-B6B3-CC5ED86DA67C}.Debug|x64.Build.0 = Debug|x64
		{DE6496DD-9BFD-40F8-B6B3-CC5ED86DA67C}.Debug|x86.ActiveCfg = Debug|Win32
		{DE6496DD-9BFD-40F8-B6B3-CC5ED86DA67C}.Debug|x86.Build.0 = Debug|Win32
		{DE6496DD-9BFD-40F8-B6B3-CC5ED86DA67C}.Release|Any CPU.ActiveCfg = Release|Win32
		{DE6496DD-9BFD-40F8-B6B3-CC5ED86DA67C}.Release|ARM.ActiveCfg = Release|Win32
		{DE6496DD-9BFD-40F8-B6B3-CC5ED86DA67C}.Release|x64.ActiveCfg = Release|x64
		{DE6496DD-9BFD-40F8-B6B3-CC5ED86DA67C}.Release|x64.Build.0 = Release|x64
		{DE6496DD-9BFD-40F8-B6B3-CC5ED86DA67C}.Release|x86.ActiveCfg = Release|Win32
		{DE6496DD-9BFD-40F8-B6B3-CC5ED86DA67C}.Release|x86.Build.0 = Release|Win32
		{1B3546D6-E74E-4E59-8EF3-06A2DED54BCB}.Debug|Any CPU.ActiveCfg = Debug|Win32
		{1B3546D6-E74E-4E59-8EF3-06A2DED54BCB}.Debug|ARM.ActiveCfg = Debug|Win32
		{1B3546D6-E74E-4E59-8EF3-06A2DED54BCB}.Debug|x64.ActiveCfg = Debug|x64
		{1B3546D6-E74E-4E59-8EF3-06A2DED54BCB}.Debug|x64.Build.0 = Debug|x64
		{1B3546D6-E74E-4E59-8EF3-06A2DED54BCB}.Debug|x86.ActiveCfg = Debug|Win32
		{1B3546D6-E74E-4E59-8EF3-06A2DED54BCB}.Debug|x86.Build.0 = Debug|Win32
		{1B3546D6-E74E-4E59-8EF3-06A2DED54BCB}.Release|Any CPU.ActiveCfg = Release|Win32
		{1B3546D6-E74E-4E59-8EF3-06A2DED54BCB}.Release|ARM.ActiveCfg = Release|Win32
		{1B3546D6-E74E-4E59-8EF3-06A2DED54BCB}.Release|x64.ActiveCfg = Release|x64
		{1B3546D6-E74E-4E59-8EF3-06A2DED54BCB}.Release|x64.Build.0 = Release|x64
		{1B3546D6-E74E-4E59-8EF3-06A2DED54BCB}.Release|x86.ActiveCfg = Release|Win32
		{1B3546D6-E74E-4E59-8EF3-06A2DED54BCB}.Release|x86.Build.0 = Release|Win32
		{34A83280-180A-404E-9435-192FCB3BF8A1}.Debug|Any CPU.ActiveCfg = Debug|Win32
		{34A83280-180A-404E-9435-192FCB3BF8A1}.Debug|ARM.ActiveCfg = Debug|Win32
		{34A83280-180A-404E-9435-192FCB3BF8A1}.Debug|x64.ActiveCfg = Debug|x64
		{34A83280-180A-404E-9435-192FCB3BF8A1}.Debug|x64.Build.0 = Debug|x64
		{34A83280-180A-404E-9435-192FCB3BF8A1}.Debug|x86.ActiveCfg = Debug|Win32
		{34A83280-180A-404E-9435-192FCB3BF8A1}.Debug|x86.Build.0 = Debug|Win32
		{34A83280-180A-404E-9435-192FCB3BF8A1}.Release|Any CPU.ActiveCfg = Release|Win32
		{34A83280-180A-404E-9435-192FCB3BF8A1}.Release|ARM.ActiveCfg = Release|Win32
		{34A83280-180A-404E-9435-192FCB3BF8A1}.Release|x64.ActiveCfg = Release|x64
		{34A83280-180A-404E-9435-192FCB3BF8A1}.Release|x64.Build.0 = Release|x64
		{34A83280-180A-404E-9435-192FCB3BF8A1}.Release|x86.ActiveCfg = Release|Win32
		{34A83280-180A-404E-9435-192FCB3BF8A1}.Release|x86.Build.0 = Release|Win32
		{166EE73E-AF71-4AC8-AEC5-4332CC69D4CF}.Debug|Any CPU.ActiveCfg = Debug|Win32
		{166EE73E-AF71-4AC8-AEC5-4332CC69D4CF}.Debug|ARM.ActiveCfg = Debug|Win32
		{166EE73E-AF71-4AC8-AEC5-4332CC69D4CF}.Debug|x64.ActiveCfg = Debug|Win32
		{166EE73E-AF71-4AC8-AEC5-4332CC69D4CF}.Debug|x86.ActiveCfg = Debug|Win32
		{166EE73E-AF71-4AC8-AEC5-4332CC69D4CF}.Debug|x86.Build.0 = Debug|Win32
		{166EE73E-AF71-4AC8-AEC5-4332CC69D4CF}.Release|Any CPU.ActiveCfg = Release|Win32
		{166EE73E-AF71-4AC8-AEC5-4332CC69D4CF}.Release|ARM.ActiveCfg = Release|Win32
		{166EE73E-AF71-4AC8-AEC5-4332CC69D4CF}.Release|x64.ActiveCfg = Release|Win32
		{166EE73E-AF71-4AC8-AEC5-4332CC69D4CF}.Release|x86.ActiveCfg = Release|Win32
		{166EE73E-AF71-4AC8-AEC5-4332CC69D4CF}.Release|x86.Build.0 = Release|Win32
		{CBE53290-0BEF-4ACF-871A-8FEC986A688A}.Debug|Any CPU.ActiveCfg = Debug|Win32
		{CBE53290-0BEF-4ACF-871A-8FEC986A688A}.Debug|ARM.ActiveCfg = Debug|Win32
		{CBE53290-0BEF-4ACF-871A-8FEC986A688A}.Debug|x64.ActiveCfg = Debug|x64
		{CBE53290-0BEF-4ACF-871A-8FEC986A688A}.Debug|x64.Build.0 = Debug|x64
		{CBE53290-0BEF-4ACF-871A-8FEC986A688A}.Debug|x86.ActiveCfg = Debug|Win32
		{CBE53290-0BEF-4ACF-871A-8FEC986A688A}.Debug|x86.Build.0 = Debug|Win32
		{CBE53290-0BEF-4ACF-871A-8FEC986A688A}.Release|Any CPU.ActiveCfg = Release|Win32
		{CBE53290-0BEF-4ACF-871A-8FEC986A688A}.Release|ARM.ActiveCfg = Release|Win32
		{CBE53290-0BEF-4ACF-871A-8FEC986A688A}.Release|x64.ActiveCfg = Release|x64
		{CBE53290-0BEF-4ACF-871A-8FEC986A688A}.Release|x64.Build.0 = Release|x64
		{CBE53290-0BEF-4ACF-871A-8FEC986A688A}.Release|x86.ActiveCfg = Release|Win32
		{CBE53290-0BEF-4ACF-871A-8FEC986A688A}.Release|x86.Build.0 = Release|Win32
		{8AAE3F32-F2DA-4B08-A510-5D73DE3DE51E}.Debug|Any CPU.ActiveCfg = Debug|Win32
		{8AAE3F32-F2DA-4B08-A510-5D73DE3DE51E}.Debug|ARM.ActiveCfg = Debug|Win32
		{8AAE3F32-F2DA-4B08-A510-5D73DE3DE51E}.Debug|x64.ActiveCfg = Debug|x64
		{8AAE3F32-F2DA-4B08-A510-5D73DE3DE51E}.Debug|x64.Build.0 = Debug|x64
		{8AAE3F32-F2DA-4B08-A510-5D73DE3DE51E}.Debug|x86.ActiveCfg = Debug|Win32
		{8AAE3F32-F2DA-4B08-A510-5D73DE3DE51E}.Debug|x86.Build.0 = Debug|Win32
		{8AAE3F32-F2DA-4B08-A510-5D73DE3DE51E}.Release|Any CPU.ActiveCfg = Release|Win32
		{8AAE3F32-F2DA-4B08-A510-5D73DE3DE51E}.Release|ARM.ActiveCfg = Release|Win32
		{8AAE3F32-F2DA-4B08-A510-5D73DE3DE51E}.Release|x64.ActiveCfg = Release|x64
		{8AAE3F32-F2DA-4B08-A510-5D73DE3DE51E}.Release|x64.Build.0 = Release|x64
		{8AAE3F32-F2DA-4B08-A510-5D73DE3DE51E}.Release|x86.ActiveCfg = Release|Win32
		{8AAE3F32-F2DA-4B08-A510-5D73DE3DE51E}.Release|x86.Build.0 = Release|Win32
		{307F4571-C6FE-4554-8F34-7183FCA51832}.Debug|Any CPU.ActiveCfg = Debug|Win32
		{307F4571-C6FE-4554-8F34-7183FCA51832}.Debug|ARM.ActiveCfg = Debug|Win32
		{307F4571-C6FE-4554-8F34-7183FCA51832}.Debug|x64.ActiveCfg = Debug|x64
		{307F4571-C6FE-4554-8F34-7183FCA51832}.Debug|x64.Build.0 = Debug|x64
		{307F4571-C6FE-4554-8F34-7183FCA51832}.Debug|x86.ActiveCfg = Debug|Win32
		{307F4571-C6FE-4554-8F34-7183FCA51832}.Debug|x86.Build.0 = Debug|Win32
		{307F4571-C6FE-4554-8F34-7183FCA51832}.Release|Any CPU.ActiveCfg = Release|Win32
		{307F4571-C6FE-4554-8F34-7183FCA51832}.Release|ARM.ActiveCfg = Release|Win32
		{307F4571-C6FE-4554-8F34-7183FCA51832}.Release|x64.ActiveCfg = Release|x64
		{307F4571-C6FE-4554-8F34-7183FCA51832}.Release|x64.Build.0 = Release|x64
		{307F4571-C6FE-4554-8F34-7183FCA51832}.Release|x86.ActiveCfg = Release|Win32
		{307F4571-C6FE-4554-8F34-7183FCA51832}.Release|x86.Build.0 = Release|Win32
		{9F89494E-C597-4BE9-A556-6549DF6DBBC1}.Debug|Any CPU.ActiveCfg = Debug|Win32
		{9F89494E-C597-4BE9-A556-6549DF6DBBC1}.Debug|ARM.ActiveCfg = Debug|Win32
		{9F89494E-C597-4BE9-A556-6549DF6DBBC1}.Debug|x64.ActiveCfg = Debug|x64
		{9F89494E-C597-4BE9-A556-6549DF6DBBC1}.Debug|x64.Build.0 = Debug|x64
		{9F89494E-C597-4BE9-A556-6549DF6DBBC1}.Debug|x86.ActiveCfg = Debug|Win32
		{9F89494E-C597-4BE9-A556-6549DF6DBBC1}.Debug|x86.Build.0 = Debug|Win32
		{9F89494E-C597-4BE9-A556-6549DF6DBBC1}.Release|Any CPU.ActiveCfg = Release|Win32
		{9F89494E-C597-4BE9-A556-6549DF6DBBC1}.Release|ARM.ActiveCfg = Release|Win32
		{9F89494E-C597-4BE9-A556-6549DF6DBBC1}.Release|x64.ActiveCfg = Release|x64
		{9F89494E-C597-4BE9-A556-6549DF6DBBC1}.Release|x64.Build.0 = Release|x64
		{9F89494E-C597-4BE9-A556-6549DF6DBBC1}.Release|x86.ActiveCfg = Release|Win32
		{9F89494E-C597-4BE9-A556-6549DF6DBBC1}.Release|x86.Build.0 = Release|Win32
		{BA7B7483-B8CD-41D1-93E8-7C094D96116B}.Debug|Any CPU.ActiveCfg = Debug|Win32
		{BA7B7483-B8CD-41D1-93E8-7C094D96116B}.Debug|ARM.ActiveCfg = Debug|Win32
		{BA7B7483-B8CD-41D1-93E8-7C094D96116B}.Debug|x64.ActiveCfg = Debug|x64
		{BA7B7483-B8CD-41D1-93E8-7C094D96116B}.Debug|x86.ActiveCfg = Debug|Win32
		{BA7B7483-B8CD-41D1-93E8-7C094D96116B}.Release|Any CPU.ActiveCfg = Release|Win32
		{BA7B7483-B8CD-41D1-93E8-7C094D96116B}.Release|ARM.ActiveCfg = Release|Win32
		{BA7B7483-B8CD-41D1-93E8-7C094D96116B}.Release|x64.ActiveCfg = Release|x64
		{BA7B7483-B8CD-41D1-93E8-7C094D96116B}.Release|x86.ActiveCfg = Release|Win32
		{CCE4B113-5E9C-4077-BB0B-5AE441B566C6}.Debug|Any CPU.ActiveCfg = Debug|Win32
		{CCE4B113-5E9C-4077-BB0B-5AE441B566C6}.Debug|ARM.ActiveCfg = Debug|ARM
		{CCE4B113-5E9C-4077-BB0B-5AE441B566C6}.Debug|ARM.Build.0 = Debug|ARM
		{CCE4B113-5E9C-4077-BB0B-5AE441B566C6}.Debug|x64.ActiveCfg = Debug|Win32
		{CCE4B113-5E9C-4077-BB0B-5AE441B566C6}.Debug|x86.ActiveCfg = Debug|Win32
		{CCE4B113-5E9C-4077-BB0B-5AE441B566C6}.Debug|x86.Build.0 = Debug|Win32
		{CCE4B113-5E9C-4077-BB0B-5AE441B566C6}.Release|Any CPU.ActiveCfg = Release|Win32
		{CCE4B113-5E9C-4077-BB0B-5AE441B566C6}.Release|ARM.ActiveCfg = Release|ARM
		{CCE4B113-5E9C-4077-BB0B-5AE441B566C6}.Release|ARM.Build.0 = Release|ARM
		{CCE4B113-5E9C-4077-BB0B-5AE441B566C6}.Release|x64.ActiveCfg = Release|Win32
		{CCE4B113-5E9C-4077-BB0B-5AE441B566C6}.Release|x86.ActiveCfg = Release|Win32
		{CCE4B113-5E9C-4077-BB0B-5AE441B566C6}.Release|x86.Build.0 = Release|Win32
		{15234E61-5A73-41B1-BE03-A5C1E12A991D}.Debug|Any CPU.ActiveCfg = Debug|Any CPU
		{15234E61-5A73-41B1-BE03-A5C1E12A991D}.Debug|Any CPU.Build.0 = Debug|Any CPU
		{15234E61-5A73-41B1-BE03-A5C1E12A991D}.Debug|ARM.ActiveCfg = Debug|Any CPU
		{15234E61-5A73-41B1-BE03-A5C1E12A991D}.Debug|ARM.Build.0 = Debug|Any CPU
		{15234E61-5A73-41B1-BE03-A5C1E12A991D}.Debug|x64.ActiveCfg = Debug|Any CPU
		{15234E61-5A73-41B1-BE03-A5C1E12A991D}.Debug|x64.Build.0 = Debug|Any CPU
		{15234E61-5A73-41B1-BE03-A5C1E12A991D}.Debug|x86.ActiveCfg = Debug|Any CPU
		{15234E61-5A73-41B1-BE03-A5C1E12A991D}.Debug|x86.Build.0 = Debug|Any CPU
		{15234E61-5A73-41B1-BE03-A5C1E12A991D}.Release|Any CPU.ActiveCfg = Release|Any CPU
		{15234E61-5A73-41B1-BE03-A5C1E12A991D}.Release|Any CPU.Build.0 = Release|Any CPU
		{15234E61-5A73-41B1-BE03-A5C1E12A991D}.Release|ARM.ActiveCfg = Release|Any CPU
		{15234E61-5A73-41B1-BE03-A5C1E12A991D}.Release|ARM.Build.0 = Release|Any CPU
		{15234E61-5A73-41B1-BE03-A5C1E12A991D}.Release|x64.ActiveCfg = Release|Any CPU
		{15234E61-5A73-41B1-BE03-A5C1E12A991D}.Release|x64.Build.0 = Release|Any CPU
		{15234E61-5A73-41B1-BE03-A5C1E12A991D}.Release|x86.ActiveCfg = Release|Any CPU
		{15234E61-5A73-41B1-BE03-A5C1E12A991D}.Release|x86.Build.0 = Release|Any CPU
		{0FAC55A2-C97A-4D5B-B639-7A4E986BFF5E}.Debug|Any CPU.ActiveCfg = Debug|Any CPU
		{0FAC55A2-C97A-4D5B-B639-7A4E986BFF5E}.Debug|Any CPU.Build.0 = Debug|Any CPU
		{0FAC55A2-C97A-4D5B-B639-7A4E986BFF5E}.Debug|ARM.ActiveCfg = Debug|Any CPU
		{0FAC55A2-C97A-4D5B-B639-7A4E986BFF5E}.Debug|ARM.Build.0 = Debug|Any CPU
		{0FAC55A2-C97A-4D5B-B639-7A4E986BFF5E}.Debug|x64.ActiveCfg = Debug|Any CPU
		{0FAC55A2-C97A-4D5B-B639-7A4E986BFF5E}.Debug|x64.Build.0 = Debug|Any CPU
		{0FAC55A2-C97A-4D5B-B639-7A4E986BFF5E}.Debug|x86.ActiveCfg = Debug|Any CPU
		{0FAC55A2-C97A-4D5B-B639-7A4E986BFF5E}.Debug|x86.Build.0 = Debug|Any CPU
		{0FAC55A2-C97A-4D5B-B639-7A4E986BFF5E}.Release|Any CPU.ActiveCfg = Release|Any CPU
		{0FAC55A2-C97A-4D5B-B639-7A4E986BFF5E}.Release|Any CPU.Build.0 = Release|Any CPU
		{0FAC55A2-C97A-4D5B-B639-7A4E986BFF5E}.Release|ARM.ActiveCfg = Release|Any CPU
		{0FAC55A2-C97A-4D5B-B639-7A4E986BFF5E}.Release|ARM.Build.0 = Release|Any CPU
		{0FAC55A2-C97A-4D5B-B639-7A4E986BFF5E}.Release|x64.ActiveCfg = Release|Any CPU
		{0FAC55A2-C97A-4D5B-B639-7A4E986BFF5E}.Release|x64.Build.0 = Release|Any CPU
		{0FAC55A2-C97A-4D5B-B639-7A4E986BFF5E}.Release|x86.ActiveCfg = Release|Any CPU
		{0FAC55A2-C97A-4D5B-B639-7A4E986BFF5E}.Release|x86.Build.0 = Release|Any CPU
		{E302BBD7-EFC7-4EEF-8411-07C85C814419}.Debug|Any CPU.ActiveCfg = Debug|Any CPU
		{E302BBD7-EFC7-4EEF-8411-07C85C814419}.Debug|Any CPU.Build.0 = Debug|Any CPU
		{E302BBD7-EFC7-4EEF-8411-07C85C814419}.Debug|ARM.ActiveCfg = Debug|Any CPU
		{E302BBD7-EFC7-4EEF-8411-07C85C814419}.Debug|ARM.Build.0 = Debug|Any CPU
		{E302BBD7-EFC7-4EEF-8411-07C85C814419}.Debug|x64.ActiveCfg = Debug|Any CPU
		{E302BBD7-EFC7-4EEF-8411-07C85C814419}.Debug|x64.Build.0 = Debug|Any CPU
		{E302BBD7-EFC7-4EEF-8411-07C85C814419}.Debug|x86.ActiveCfg = Debug|Any CPU
		{E302BBD7-EFC7-4EEF-8411-07C85C814419}.Debug|x86.Build.0 = Debug|Any CPU
		{E302BBD7-EFC7-4EEF-8411-07C85C814419}.Release|Any CPU.ActiveCfg = Release|Any CPU
		{E302BBD7-EFC7-4EEF-8411-07C85C814419}.Release|Any CPU.Build.0 = Release|Any CPU
		{E302BBD7-EFC7-4EEF-8411-07C85C814419}.Release|ARM.ActiveCfg = Release|Any CPU
		{E302BBD7-EFC7-4EEF-8411-07C85C814419}.Release|ARM.Build.0 = Release|Any CPU
		{E302BBD7-EFC7-4EEF-8411-07C85C814419}.Release|x64.ActiveCfg = Release|Any CPU
		{E302BBD7-EFC7-4EEF-8411-07C85C814419}.Release|x64.Build.0 = Release|Any CPU
		{E302BBD7-EFC7-4EEF-8411-07C85C814419}.Release|x86.ActiveCfg = Release|Any CPU
		{E302BBD7-EFC7-4EEF-8411-07C85C814419}.Release|x86.Build.0 = Release|Any CPU
		{6CAFC0C6-A428-4D30-A9F9-700E829FEA51}.Debug|Any CPU.ActiveCfg = Debug|Any CPU
		{6CAFC0C6-A428-4D30-A9F9-700E829FEA51}.Debug|Any CPU.Build.0 = Debug|Any CPU
		{6CAFC0C6-A428-4D30-A9F9-700E829FEA51}.Debug|ARM.ActiveCfg = Debug|Any CPU
		{6CAFC0C6-A428-4D30-A9F9-700E829FEA51}.Debug|ARM.Build.0 = Debug|Any CPU
		{6CAFC0C6-A428-4D30-A9F9-700E829FEA51}.Debug|x64.ActiveCfg = Debug|Any CPU
		{6CAFC0C6-A428-4D30-A9F9-700E829FEA51}.Debug|x64.Build.0 = Debug|Any CPU
		{6CAFC0C6-A428-4D30-A9F9-700E829FEA51}.Debug|x86.ActiveCfg = Debug|Any CPU
		{6CAFC0C6-A428-4D30-A9F9-700E829FEA51}.Debug|x86.Build.0 = Debug|Any CPU
		{6CAFC0C6-A428-4D30-A9F9-700E829FEA51}.Release|Any CPU.ActiveCfg = Release|Any CPU
		{6CAFC0C6-A428-4D30-A9F9-700E829FEA51}.Release|Any CPU.Build.0 = Release|Any CPU
		{6CAFC0C6-A428-4D30-A9F9-700E829FEA51}.Release|ARM.ActiveCfg = Release|Any CPU
		{6CAFC0C6-A428-4D30-A9F9-700E829FEA51}.Release|ARM.Build.0 = Release|Any CPU
		{6CAFC0C6-A428-4D30-A9F9-700E829FEA51}.Release|x64.ActiveCfg = Release|Any CPU
		{6CAFC0C6-A428-4D30-A9F9-700E829FEA51}.Release|x64.Build.0 = Release|Any CPU
		{6CAFC0C6-A428-4D30-A9F9-700E829FEA51}.Release|x86.ActiveCfg = Release|Any CPU
		{6CAFC0C6-A428-4D30-A9F9-700E829FEA51}.Release|x86.Build.0 = Release|Any CPU
		{9DB47F12-6D03-45FC-9DEC-540FCA5816C2}.Debug|Any CPU.ActiveCfg = Debug|Any CPU
		{9DB47F12-6D03-45FC-9DEC-540FCA5816C2}.Debug|Any CPU.Build.0 = Debug|Any CPU
		{9DB47F12-6D03-45FC-9DEC-540FCA5816C2}.Debug|ARM.ActiveCfg = Debug|Any CPU
		{9DB47F12-6D03-45FC-9DEC-540FCA5816C2}.Debug|ARM.Build.0 = Debug|Any CPU
		{9DB47F12-6D03-45FC-9DEC-540FCA5816C2}.Debug|x64.ActiveCfg = Debug|Any CPU
		{9DB47F12-6D03-45FC-9DEC-540FCA5816C2}.Debug|x64.Build.0 = Debug|Any CPU
		{9DB47F12-6D03-45FC-9DEC-540FCA5816C2}.Debug|x86.ActiveCfg = Debug|Any CPU
		{9DB47F12-6D03-45FC-9DEC-540FCA5816C2}.Debug|x86.Build.0 = Debug|Any CPU
		{9DB47F12-6D03-45FC-9DEC-540FCA5816C2}.Release|Any CPU.ActiveCfg = Release|Any CPU
		{9DB47F12-6D03-45FC-9DEC-540FCA5816C2}.Release|Any CPU.Build.0 = Release|Any CPU
		{9DB47F12-6D03-45FC-9DEC-540FCA5816C2}.Release|ARM.ActiveCfg = Release|Any CPU
		{9DB47F12-6D03-45FC-9DEC-540FCA5816C2}.Release|ARM.Build.0 = Release|Any CPU
		{9DB47F12-6D03-45FC-9DEC-540FCA5816C2}.Release|x64.ActiveCfg = Release|Any CPU
		{9DB47F12-6D03-45FC-9DEC-540FCA5816C2}.Release|x64.Build.0 = Release|Any CPU
		{9DB47F12-6D03-45FC-9DEC-540FCA5816C2}.Release|x86.ActiveCfg = Release|Any CPU
		{9DB47F12-6D03-45FC-9DEC-540FCA5816C2}.Release|x86.Build.0 = Release|Any CPU
		{E61C604B-5E51-40C2-A9AE-6B7A9B4CA0C1}.Debug|Any CPU.ActiveCfg = Debug|Any CPU
		{E61C604B-5E51-40C2-A9AE-6B7A9B4CA0C1}.Debug|Any CPU.Build.0 = Debug|Any CPU
		{E61C604B-5E51-40C2-A9AE-6B7A9B4CA0C1}.Debug|Any CPU.Deploy.0 = Debug|Any CPU
		{E61C604B-5E51-40C2-A9AE-6B7A9B4CA0C1}.Debug|ARM.ActiveCfg = Debug|ARM
		{E61C604B-5E51-40C2-A9AE-6B7A9B4CA0C1}.Debug|ARM.Build.0 = Debug|ARM
		{E61C604B-5E51-40C2-A9AE-6B7A9B4CA0C1}.Debug|ARM.Deploy.0 = Debug|ARM
		{E61C604B-5E51-40C2-A9AE-6B7A9B4CA0C1}.Debug|x64.ActiveCfg = Debug|x64
		{E61C604B-5E51-40C2-A9AE-6B7A9B4CA0C1}.Debug|x64.Build.0 = Debug|x64
		{E61C604B-5E51-40C2-A9AE-6B7A9B4CA0C1}.Debug|x64.Deploy.0 = Debug|x64
		{E61C604B-5E51-40C2-A9AE-6B7A9B4CA0C1}.Debug|x86.ActiveCfg = Debug|x86
		{E61C604B-5E51-40C2-A9AE-6B7A9B4CA0C1}.Debug|x86.Build.0 = Debug|x86
		{E61C604B-5E51-40C2-A9AE-6B7A9B4CA0C1}.Debug|x86.Deploy.0 = Debug|x86
		{E61C604B-5E51-40C2-A9AE-6B7A9B4CA0C1}.Release|Any CPU.ActiveCfg = Release|Any CPU
		{E61C604B-5E51-40C2-A9AE-6B7A9B4CA0C1}.Release|Any CPU.Build.0 = Release|Any CPU
		{E61C604B-5E51-40C2-A9AE-6B7A9B4CA0C1}.Release|Any CPU.Deploy.0 = Release|Any CPU
		{E61C604B-5E51-40C2-A9AE-6B7A9B4CA0C1}.Release|ARM.ActiveCfg = Release|ARM
		{E61C604B-5E51-40C2-A9AE-6B7A9B4CA0C1}.Release|ARM.Build.0 = Release|ARM
		{E61C604B-5E51-40C2-A9AE-6B7A9B4CA0C1}.Release|ARM.Deploy.0 = Release|ARM
		{E61C604B-5E51-40C2-A9AE-6B7A9B4CA0C1}.Release|x64.ActiveCfg = Release|x64
		{E61C604B-5E51-40C2-A9AE-6B7A9B4CA0C1}.Release|x64.Build.0 = Release|x64
		{E61C604B-5E51-40C2-A9AE-6B7A9B4CA0C1}.Release|x64.Deploy.0 = Release|x64
		{E61C604B-5E51-40C2-A9AE-6B7A9B4CA0C1}.Release|x86.ActiveCfg = Release|x86
		{E61C604B-5E51-40C2-A9AE-6B7A9B4CA0C1}.Release|x86.Build.0 = Release|x86
		{E61C604B-5E51-40C2-A9AE-6B7A9B4CA0C1}.Release|x86.Deploy.0 = Release|x86
		{812410DB-2CB1-4AD1-A322-41A1F38B462E}.Debug|Any CPU.ActiveCfg = Debug|Any CPU
		{812410DB-2CB1-4AD1-A322-41A1F38B462E}.Debug|Any CPU.Build.0 = Debug|Any CPU
		{812410DB-2CB1-4AD1-A322-41A1F38B462E}.Debug|Any CPU.Deploy.0 = Debug|Any CPU
		{812410DB-2CB1-4AD1-A322-41A1F38B462E}.Debug|ARM.ActiveCfg = Debug|ARM
		{812410DB-2CB1-4AD1-A322-41A1F38B462E}.Debug|ARM.Build.0 = Debug|ARM
		{812410DB-2CB1-4AD1-A322-41A1F38B462E}.Debug|ARM.Deploy.0 = Debug|ARM
		{812410DB-2CB1-4AD1-A322-41A1F38B462E}.Debug|x64.ActiveCfg = Debug|Any CPU
		{812410DB-2CB1-4AD1-A322-41A1F38B462E}.Debug|x64.Build.0 = Debug|Any CPU
		{812410DB-2CB1-4AD1-A322-41A1F38B462E}.Debug|x64.Deploy.0 = Debug|Any CPU
		{812410DB-2CB1-4AD1-A322-41A1F38B462E}.Debug|x86.ActiveCfg = Debug|x86
		{812410DB-2CB1-4AD1-A322-41A1F38B462E}.Debug|x86.Build.0 = Debug|x86
		{812410DB-2CB1-4AD1-A322-41A1F38B462E}.Debug|x86.Deploy.0 = Debug|x86
		{812410DB-2CB1-4AD1-A322-41A1F38B462E}.Release|Any CPU.ActiveCfg = Release|Any CPU
		{812410DB-2CB1-4AD1-A322-41A1F38B462E}.Release|Any CPU.Build.0 = Release|Any CPU
		{812410DB-2CB1-4AD1-A322-41A1F38B462E}.Release|Any CPU.Deploy.0 = Release|Any CPU
		{812410DB-2CB1-4AD1-A322-41A1F38B462E}.Release|ARM.ActiveCfg = Release|ARM
		{812410DB-2CB1-4AD1-A322-41A1F38B462E}.Release|ARM.Build.0 = Release|ARM
		{812410DB-2CB1-4AD1-A322-41A1F38B462E}.Release|ARM.Deploy.0 = Release|ARM
		{812410DB-2CB1-4AD1-A322-41A1F38B462E}.Release|x64.ActiveCfg = Release|Any CPU
		{812410DB-2CB1-4AD1-A322-41A1F38B462E}.Release|x64.Build.0 = Release|Any CPU
		{812410DB-2CB1-4AD1-A322-41A1F38B462E}.Release|x64.Deploy.0 = Release|Any CPU
		{812410DB-2CB1-4AD1-A322-41A1F38B462E}.Release|x86.ActiveCfg = Release|x86
		{812410DB-2CB1-4AD1-A322-41A1F38B462E}.Release|x86.Build.0 = Release|x86
		{812410DB-2CB1-4AD1-A322-41A1F38B462E}.Release|x86.Deploy.0 = Release|x86
		{55358365-1B92-49C5-9343-BA8DE5137359}.Debug|Any CPU.ActiveCfg = Debug|Any CPU
		{55358365-1B92-49C5-9343-BA8DE5137359}.Debug|Any CPU.Build.0 = Debug|Any CPU
		{55358365-1B92-49C5-9343-BA8DE5137359}.Debug|Any CPU.Deploy.0 = Debug|Any CPU
		{55358365-1B92-49C5-9343-BA8DE5137359}.Debug|ARM.ActiveCfg = Debug|ARM
		{55358365-1B92-49C5-9343-BA8DE5137359}.Debug|ARM.Build.0 = Debug|ARM
		{55358365-1B92-49C5-9343-BA8DE5137359}.Debug|ARM.Deploy.0 = Debug|ARM
		{55358365-1B92-49C5-9343-BA8DE5137359}.Debug|x64.ActiveCfg = Debug|x64
		{55358365-1B92-49C5-9343-BA8DE5137359}.Debug|x64.Build.0 = Debug|x64
		{55358365-1B92-49C5-9343-BA8DE5137359}.Debug|x64.Deploy.0 = Debug|x64
		{55358365-1B92-49C5-9343-BA8DE5137359}.Debug|x86.ActiveCfg = Debug|x86
		{55358365-1B92-49C5-9343-BA8DE5137359}.Debug|x86.Build.0 = Debug|x86
		{55358365-1B92-49C5-9343-BA8DE5137359}.Debug|x86.Deploy.0 = Debug|x86
		{55358365-1B92-49C5-9343-BA8DE5137359}.Release|Any CPU.ActiveCfg = Release|Any CPU
		{55358365-1B92-49C5-9343-BA8DE5137359}.Release|Any CPU.Build.0 = Release|Any CPU
		{55358365-1B92-49C5-9343-BA8DE5137359}.Release|Any CPU.Deploy.0 = Release|Any CPU
		{55358365-1B92-49C5-9343-BA8DE5137359}.Release|ARM.ActiveCfg = Release|ARM
		{55358365-1B92-49C5-9343-BA8DE5137359}.Release|ARM.Build.0 = Release|ARM
		{55358365-1B92-49C5-9343-BA8DE5137359}.Release|ARM.Deploy.0 = Release|ARM
		{55358365-1B92-49C5-9343-BA8DE5137359}.Release|x64.ActiveCfg = Release|x64
		{55358365-1B92-49C5-9343-BA8DE5137359}.Release|x64.Build.0 = Release|x64
		{55358365-1B92-49C5-9343-BA8DE5137359}.Release|x64.Deploy.0 = Release|x64
		{55358365-1B92-49C5-9343-BA8DE5137359}.Release|x86.ActiveCfg = Release|x86
		{55358365-1B92-49C5-9343-BA8DE5137359}.Release|x86.Build.0 = Release|x86
		{55358365-1B92-49C5-9343-BA8DE5137359}.Release|x86.Deploy.0 = Release|x86
		{DB6D7F88-D0D1-413A-A565-EFC40F1DA1A5}.Debug|Any CPU.ActiveCfg = Debug|Any CPU
		{DB6D7F88-D0D1-413A-A565-EFC40F1DA1A5}.Debug|Any CPU.Build.0 = Debug|Any CPU
		{DB6D7F88-D0D1-413A-A565-EFC40F1DA1A5}.Debug|Any CPU.Deploy.0 = Debug|Any CPU
		{DB6D7F88-D0D1-413A-A565-EFC40F1DA1A5}.Debug|ARM.ActiveCfg = Debug|ARM
		{DB6D7F88-D0D1-413A-A565-EFC40F1DA1A5}.Debug|ARM.Build.0 = Debug|ARM
		{DB6D7F88-D0D1-413A-A565-EFC40F1DA1A5}.Debug|ARM.Deploy.0 = Debug|ARM
		{DB6D7F88-D0D1-413A-A565-EFC40F1DA1A5}.Debug|x64.ActiveCfg = Debug|Any CPU
		{DB6D7F88-D0D1-413A-A565-EFC40F1DA1A5}.Debug|x64.Build.0 = Debug|Any CPU
		{DB6D7F88-D0D1-413A-A565-EFC40F1DA1A5}.Debug|x64.Deploy.0 = Debug|Any CPU
		{DB6D7F88-D0D1-413A-A565-EFC40F1DA1A5}.Debug|x86.ActiveCfg = Debug|x86
		{DB6D7F88-D0D1-413A-A565-EFC40F1DA1A5}.Debug|x86.Build.0 = Debug|x86
		{DB6D7F88-D0D1-413A-A565-EFC40F1DA1A5}.Debug|x86.Deploy.0 = Debug|x86
		{DB6D7F88-D0D1-413A-A565-EFC40F1DA1A5}.Release|Any CPU.ActiveCfg = Release|Any CPU
		{DB6D7F88-D0D1-413A-A565-EFC40F1DA1A5}.Release|Any CPU.Build.0 = Release|Any CPU
		{DB6D7F88-D0D1-413A-A565-EFC40F1DA1A5}.Release|Any CPU.Deploy.0 = Release|Any CPU
		{DB6D7F88-D0D1-413A-A565-EFC40F1DA1A5}.Release|ARM.ActiveCfg = Release|ARM
		{DB6D7F88-D0D1-413A-A565-EFC40F1DA1A5}.Release|ARM.Build.0 = Release|ARM
		{DB6D7F88-D0D1-413A-A565-EFC40F1DA1A5}.Release|ARM.Deploy.0 = Release|ARM
		{DB6D7F88-D0D1-413A-A565-EFC40F1DA1A5}.Release|x64.ActiveCfg = Release|Any CPU
		{DB6D7F88-D0D1-413A-A565-EFC40F1DA1A5}.Release|x64.Build.0 = Release|Any CPU
		{DB6D7F88-D0D1-413A-A565-EFC40F1DA1A5}.Release|x64.Deploy.0 = Release|Any CPU
		{DB6D7F88-D0D1-413A-A565-EFC40F1DA1A5}.Release|x86.ActiveCfg = Release|x86
		{DB6D7F88-D0D1-413A-A565-EFC40F1DA1A5}.Release|x86.Build.0 = Release|x86
		{DB6D7F88-D0D1-413A-A565-EFC40F1DA1A5}.Release|x86.Deploy.0 = Release|x86
		{A63FAD9F-A2D0-4730-BD50-26182F795716}.Debug|Any CPU.ActiveCfg = Debug|Any CPU
		{A63FAD9F-A2D0-4730-BD50-26182F795716}.Debug|Any CPU.Build.0 = Debug|Any CPU
		{A63FAD9F-A2D0-4730-BD50-26182F795716}.Debug|ARM.ActiveCfg = Debug|Any CPU
		{A63FAD9F-A2D0-4730-BD50-26182F795716}.Debug|ARM.Build.0 = Debug|Any CPU
		{A63FAD9F-A2D0-4730-BD50-26182F795716}.Debug|x64.ActiveCfg = Debug|Any CPU
		{A63FAD9F-A2D0-4730-BD50-26182F795716}.Debug|x64.Build.0 = Debug|Any CPU
		{A63FAD9F-A2D0-4730-BD50-26182F795716}.Debug|x86.ActiveCfg = Debug|Any CPU
		{A63FAD9F-A2D0-4730-BD50-26182F795716}.Debug|x86.Build.0 = Debug|Any CPU
		{A63FAD9F-A2D0-4730-BD50-26182F795716}.Release|Any CPU.ActiveCfg = Release|Any CPU
		{A63FAD9F-A2D0-4730-BD50-26182F795716}.Release|Any CPU.Build.0 = Release|Any CPU
		{A63FAD9F-A2D0-4730-BD50-26182F795716}.Release|ARM.ActiveCfg = Release|Any CPU
		{A63FAD9F-A2D0-4730-BD50-26182F795716}.Release|ARM.Build.0 = Release|Any CPU
		{A63FAD9F-A2D0-4730-BD50-26182F795716}.Release|x64.ActiveCfg = Release|Any CPU
		{A63FAD9F-A2D0-4730-BD50-26182F795716}.Release|x64.Build.0 = Release|Any CPU
		{A63FAD9F-A2D0-4730-BD50-26182F795716}.Release|x86.ActiveCfg = Release|Any CPU
		{A63FAD9F-A2D0-4730-BD50-26182F795716}.Release|x86.Build.0 = Release|Any CPU
		{A040BD2B-6A7E-4078-AB00-B0E783C053D9}.Debug|Any CPU.ActiveCfg = Debug|Any CPU
		{A040BD2B-6A7E-4078-AB00-B0E783C053D9}.Debug|Any CPU.Build.0 = Debug|Any CPU
		{A040BD2B-6A7E-4078-AB00-B0E783C053D9}.Debug|Any CPU.Deploy.0 = Debug|Any CPU
		{A040BD2B-6A7E-4078-AB00-B0E783C053D9}.Debug|ARM.ActiveCfg = Debug|ARM
		{A040BD2B-6A7E-4078-AB00-B0E783C053D9}.Debug|ARM.Build.0 = Debug|ARM
		{A040BD2B-6A7E-4078-AB00-B0E783C053D9}.Debug|ARM.Deploy.0 = Debug|ARM
		{A040BD2B-6A7E-4078-AB00-B0E783C053D9}.Debug|x64.ActiveCfg = Debug|x64
		{A040BD2B-6A7E-4078-AB00-B0E783C053D9}.Debug|x64.Build.0 = Debug|x64
		{A040BD2B-6A7E-4078-AB00-B0E783C053D9}.Debug|x64.Deploy.0 = Debug|x64
		{A040BD2B-6A7E-4078-AB00-B0E783C053D9}.Debug|x86.ActiveCfg = Debug|x86
		{A040BD2B-6A7E-4078-AB00-B0E783C053D9}.Debug|x86.Build.0 = Debug|x86
		{A040BD2B-6A7E-4078-AB00-B0E783C053D9}.Debug|x86.Deploy.0 = Debug|x86
		{A040BD2B-6A7E-4078-AB00-B0E783C053D9}.Release|Any CPU.ActiveCfg = Release|Any CPU
		{A040BD2B-6A7E-4078-AB00-B0E783C053D9}.Release|Any CPU.Build.0 = Release|Any CPU
		{A040BD2B-6A7E-4078-AB00-B0E783C053D9}.Release|Any CPU.Deploy.0 = Release|Any CPU
		{A040BD2B-6A7E-4078-AB00-B0E783C053D9}.Release|ARM.ActiveCfg = Release|ARM
		{A040BD2B-6A7E-4078-AB00-B0E783C053D9}.Release|ARM.Build.0 = Release|ARM
		{A040BD2B-6A7E-4078-AB00-B0E783C053D9}.Release|ARM.Deploy.0 = Release|ARM
		{A040BD2B-6A7E-4078-AB00-B0E783C053D9}.Release|x64.ActiveCfg = Release|x64
		{A040BD2B-6A7E-4078-AB00-B0E783C053D9}.Release|x64.Build.0 = Release|x64
		{A040BD2B-6A7E-4078-AB00-B0E783C053D9}.Release|x64.Deploy.0 = Release|x64
		{A040BD2B-6A7E-4078-AB00-B0E783C053D9}.Release|x86.ActiveCfg = Release|x86
		{A040BD2B-6A7E-4078-AB00-B0E783C053D9}.Release|x86.Build.0 = Release|x86
		{A040BD2B-6A7E-4078-AB00-B0E783C053D9}.Release|x86.Deploy.0 = Release|x86
		{5342C502-EC2A-4DD4-9058-86D31766C8E3}.Debug|Any CPU.ActiveCfg = Debug|Any CPU
		{5342C502-EC2A-4DD4-9058-86D31766C8E3}.Debug|Any CPU.Build.0 = Debug|Any CPU
		{5342C502-EC2A-4DD4-9058-86D31766C8E3}.Debug|Any CPU.Deploy.0 = Debug|Any CPU
		{5342C502-EC2A-4DD4-9058-86D31766C8E3}.Debug|ARM.ActiveCfg = Debug|ARM
		{5342C502-EC2A-4DD4-9058-86D31766C8E3}.Debug|ARM.Build.0 = Debug|ARM
		{5342C502-EC2A-4DD4-9058-86D31766C8E3}.Debug|ARM.Deploy.0 = Debug|ARM
		{5342C502-EC2A-4DD4-9058-86D31766C8E3}.Debug|x64.ActiveCfg = Debug|Any CPU
		{5342C502-EC2A-4DD4-9058-86D31766C8E3}.Debug|x64.Build.0 = Debug|Any CPU
		{5342C502-EC2A-4DD4-9058-86D31766C8E3}.Debug|x64.Deploy.0 = Debug|Any CPU
		{5342C502-EC2A-4DD4-9058-86D31766C8E3}.Debug|x86.ActiveCfg = Debug|x86
		{5342C502-EC2A-4DD4-9058-86D31766C8E3}.Debug|x86.Build.0 = Debug|x86
		{5342C502-EC2A-4DD4-9058-86D31766C8E3}.Debug|x86.Deploy.0 = Debug|x86
		{5342C502-EC2A-4DD4-9058-86D31766C8E3}.Release|Any CPU.ActiveCfg = Release|Any CPU
		{5342C502-EC2A-4DD4-9058-86D31766C8E3}.Release|Any CPU.Build.0 = Release|Any CPU
		{5342C502-EC2A-4DD4-9058-86D31766C8E3}.Release|Any CPU.Deploy.0 = Release|Any CPU
		{5342C502-EC2A-4DD4-9058-86D31766C8E3}.Release|ARM.ActiveCfg = Release|ARM
		{5342C502-EC2A-4DD4-9058-86D31766C8E3}.Release|ARM.Build.0 = Release|ARM
		{5342C502-EC2A-4DD4-9058-86D31766C8E3}.Release|ARM.Deploy.0 = Release|ARM
		{5342C502-EC2A-4DD4-9058-86D31766C8E3}.Release|x64.ActiveCfg = Release|Any CPU
		{5342C502-EC2A-4DD4-9058-86D31766C8E3}.Release|x64.Build.0 = Release|Any CPU
		{5342C502-EC2A-4DD4-9058-86D31766C8E3}.Release|x64.Deploy.0 = Release|Any CPU
		{5342C502-EC2A-4DD4-9058-86D31766C8E3}.Release|x86.ActiveCfg = Release|x86
		{5342C502-EC2A-4DD4-9058-86D31766C8E3}.Release|x86.Build.0 = Release|x86
		{5342C502-EC2A-4DD4-9058-86D31766C8E3}.Release|x86.Deploy.0 = Release|x86
		{61405B13-3952-476D-A479-106CE5A23236}.Debug|Any CPU.ActiveCfg = Debug|x86
		{61405B13-3952-476D-A479-106CE5A23236}.Debug|ARM.ActiveCfg = Debug|ARM
		{61405B13-3952-476D-A479-106CE5A23236}.Debug|ARM.Build.0 = Debug|ARM
		{61405B13-3952-476D-A479-106CE5A23236}.Debug|ARM.Deploy.0 = Debug|ARM
		{61405B13-3952-476D-A479-106CE5A23236}.Debug|x64.ActiveCfg = Debug|x64
		{61405B13-3952-476D-A479-106CE5A23236}.Debug|x64.Build.0 = Debug|x64
		{61405B13-3952-476D-A479-106CE5A23236}.Debug|x64.Deploy.0 = Debug|x64
		{61405B13-3952-476D-A479-106CE5A23236}.Debug|x86.ActiveCfg = Debug|x86
		{61405B13-3952-476D-A479-106CE5A23236}.Debug|x86.Build.0 = Debug|x86
		{61405B13-3952-476D-A479-106CE5A23236}.Debug|x86.Deploy.0 = Debug|x86
		{61405B13-3952-476D-A479-106CE5A23236}.Release|Any CPU.ActiveCfg = Release|x86
		{61405B13-3952-476D-A479-106CE5A23236}.Release|ARM.ActiveCfg = Release|ARM
		{61405B13-3952-476D-A479-106CE5A23236}.Release|ARM.Build.0 = Release|ARM
		{61405B13-3952-476D-A479-106CE5A23236}.Release|ARM.Deploy.0 = Release|ARM
		{61405B13-3952-476D-A479-106CE5A23236}.Release|x64.ActiveCfg = Release|x64
		{61405B13-3952-476D-A479-106CE5A23236}.Release|x64.Build.0 = Release|x64
		{61405B13-3952-476D-A479-106CE5A23236}.Release|x64.Deploy.0 = Release|x64
		{61405B13-3952-476D-A479-106CE5A23236}.Release|x86.ActiveCfg = Release|x86
		{61405B13-3952-476D-A479-106CE5A23236}.Release|x86.Build.0 = Release|x86
		{61405B13-3952-476D-A479-106CE5A23236}.Release|x86.Deploy.0 = Release|x86
		{45236A92-3872-4B6E-BAB2-8C3151DF5FE9}.Debug|Any CPU.ActiveCfg = Debug|Any CPU
		{45236A92-3872-4B6E-BAB2-8C3151DF5FE9}.Debug|Any CPU.Build.0 = Debug|Any CPU
		{45236A92-3872-4B6E-BAB2-8C3151DF5FE9}.Debug|ARM.ActiveCfg = Debug|ARM
		{45236A92-3872-4B6E-BAB2-8C3151DF5FE9}.Debug|ARM.Build.0 = Debug|ARM
		{45236A92-3872-4B6E-BAB2-8C3151DF5FE9}.Debug|x64.ActiveCfg = Debug|x64
		{45236A92-3872-4B6E-BAB2-8C3151DF5FE9}.Debug|x64.Build.0 = Debug|x64
		{45236A92-3872-4B6E-BAB2-8C3151DF5FE9}.Debug|x86.ActiveCfg = Debug|x86
		{45236A92-3872-4B6E-BAB2-8C3151DF5FE9}.Debug|x86.Build.0 = Debug|x86
		{45236A92-3872-4B6E-BAB2-8C3151DF5FE9}.Release|Any CPU.ActiveCfg = Release|Any CPU
		{45236A92-3872-4B6E-BAB2-8C3151DF5FE9}.Release|Any CPU.Build.0 = Release|Any CPU
		{45236A92-3872-4B6E-BAB2-8C3151DF5FE9}.Release|ARM.ActiveCfg = Release|ARM
		{45236A92-3872-4B6E-BAB2-8C3151DF5FE9}.Release|ARM.Build.0 = Release|ARM
		{45236A92-3872-4B6E-BAB2-8C3151DF5FE9}.Release|x64.ActiveCfg = Release|x64
		{45236A92-3872-4B6E-BAB2-8C3151DF5FE9}.Release|x64.Build.0 = Release|x64
		{45236A92-3872-4B6E-BAB2-8C3151DF5FE9}.Release|x86.ActiveCfg = Release|x86
		{45236A92-3872-4B6E-BAB2-8C3151DF5FE9}.Release|x86.Build.0 = Release|x86
		{75F1C13B-1D94-4DE3-B59A-8B33DB024FEF}.Debug|Any CPU.ActiveCfg = Debug|Any CPU
		{75F1C13B-1D94-4DE3-B59A-8B33DB024FEF}.Debug|Any CPU.Build.0 = Debug|Any CPU
		{75F1C13B-1D94-4DE3-B59A-8B33DB024FEF}.Debug|ARM.ActiveCfg = Debug|ARM
		{75F1C13B-1D94-4DE3-B59A-8B33DB024FEF}.Debug|ARM.Build.0 = Debug|ARM
		{75F1C13B-1D94-4DE3-B59A-8B33DB024FEF}.Debug|x64.ActiveCfg = Debug|x64
		{75F1C13B-1D94-4DE3-B59A-8B33DB024FEF}.Debug|x64.Build.0 = Debug|x64
		{75F1C13B-1D94-4DE3-B59A-8B33DB024FEF}.Debug|x86.ActiveCfg = Debug|x86
		{75F1C13B-1D94-4DE3-B59A-8B33DB024FEF}.Debug|x86.Build.0 = Debug|x86
		{75F1C13B-1D94-4DE3-B59A-8B33DB024FEF}.Release|Any CPU.ActiveCfg = Release|Any CPU
		{75F1C13B-1D94-4DE3-B59A-8B33DB024FEF}.Release|Any CPU.Build.0 = Release|Any CPU
		{75F1C13B-1D94-4DE3-B59A-8B33DB024FEF}.Release|ARM.ActiveCfg = Release|ARM
		{75F1C13B-1D94-4DE3-B59A-8B33DB024FEF}.Release|ARM.Build.0 = Release|ARM
		{75F1C13B-1D94-4DE3-B59A-8B33DB024FEF}.Release|x64.ActiveCfg = Release|x64
		{75F1C13B-1D94-4DE3-B59A-8B33DB024FEF}.Release|x64.Build.0 = Release|x64
		{75F1C13B-1D94-4DE3-B59A-8B33DB024FEF}.Release|x86.ActiveCfg = Release|x86
		{75F1C13B-1D94-4DE3-B59A-8B33DB024FEF}.Release|x86.Build.0 = Release|x86
		{EFF90738-9042-463D-82C7-1C83CE373594}.Debug|Any CPU.ActiveCfg = Debug|x86
		{EFF90738-9042-463D-82C7-1C83CE373594}.Debug|ARM.ActiveCfg = Debug|ARM
		{EFF90738-9042-463D-82C7-1C83CE373594}.Debug|ARM.Build.0 = Debug|ARM
		{EFF90738-9042-463D-82C7-1C83CE373594}.Debug|ARM.Deploy.0 = Debug|ARM
		{EFF90738-9042-463D-82C7-1C83CE373594}.Debug|x64.ActiveCfg = Debug|x64
		{EFF90738-9042-463D-82C7-1C83CE373594}.Debug|x64.Build.0 = Debug|x64
		{EFF90738-9042-463D-82C7-1C83CE373594}.Debug|x64.Deploy.0 = Debug|x64
		{EFF90738-9042-463D-82C7-1C83CE373594}.Debug|x86.ActiveCfg = Debug|x86
		{EFF90738-9042-463D-82C7-1C83CE373594}.Debug|x86.Build.0 = Debug|x86
		{EFF90738-9042-463D-82C7-1C83CE373594}.Debug|x86.Deploy.0 = Debug|x86
		{EFF90738-9042-463D-82C7-1C83CE373594}.Release|Any CPU.ActiveCfg = Release|x86
		{EFF90738-9042-463D-82C7-1C83CE373594}.Release|ARM.ActiveCfg = Release|ARM
		{EFF90738-9042-463D-82C7-1C83CE373594}.Release|ARM.Build.0 = Release|ARM
		{EFF90738-9042-463D-82C7-1C83CE373594}.Release|ARM.Deploy.0 = Release|ARM
		{EFF90738-9042-463D-82C7-1C83CE373594}.Release|x64.ActiveCfg = Release|x64
		{EFF90738-9042-463D-82C7-1C83CE373594}.Release|x64.Build.0 = Release|x64
		{EFF90738-9042-463D-82C7-1C83CE373594}.Release|x64.Deploy.0 = Release|x64
		{EFF90738-9042-463D-82C7-1C83CE373594}.Release|x86.ActiveCfg = Release|x86
		{EFF90738-9042-463D-82C7-1C83CE373594}.Release|x86.Build.0 = Release|x86
		{EFF90738-9042-463D-82C7-1C83CE373594}.Release|x86.Deploy.0 = Release|x86
		{52B0380E-C334-4F7A-A439-C7CC063092A6}.Debug|Any CPU.ActiveCfg = Debug|Any CPU
		{52B0380E-C334-4F7A-A439-C7CC063092A6}.Debug|Any CPU.Build.0 = Debug|Any CPU
		{52B0380E-C334-4F7A-A439-C7CC063092A6}.Debug|ARM.ActiveCfg = Debug|ARM
		{52B0380E-C334-4F7A-A439-C7CC063092A6}.Debug|ARM.Build.0 = Debug|ARM
		{52B0380E-C334-4F7A-A439-C7CC063092A6}.Debug|x64.ActiveCfg = Debug|x64
		{52B0380E-C334-4F7A-A439-C7CC063092A6}.Debug|x64.Build.0 = Debug|x64
		{52B0380E-C334-4F7A-A439-C7CC063092A6}.Debug|x86.ActiveCfg = Debug|x86
		{52B0380E-C334-4F7A-A439-C7CC063092A6}.Debug|x86.Build.0 = Debug|x86
		{52B0380E-C334-4F7A-A439-C7CC063092A6}.Release|Any CPU.ActiveCfg = Release|Any CPU
		{52B0380E-C334-4F7A-A439-C7CC063092A6}.Release|Any CPU.Build.0 = Release|Any CPU
		{52B0380E-C334-4F7A-A439-C7CC063092A6}.Release|ARM.ActiveCfg = Release|ARM
		{52B0380E-C334-4F7A-A439-C7CC063092A6}.Release|ARM.Build.0 = Release|ARM
		{52B0380E-C334-4F7A-A439-C7CC063092A6}.Release|x64.ActiveCfg = Release|x64
		{52B0380E-C334-4F7A-A439-C7CC063092A6}.Release|x64.Build.0 = Release|x64
		{52B0380E-C334-4F7A-A439-C7CC063092A6}.Release|x86.ActiveCfg = Release|x86
		{52B0380E-C334-4F7A-A439-C7CC063092A6}.Release|x86.Build.0 = Release|x86
		{E88CAC6A-13EC-44E1-A1B7-375839DB7CFC}.Debug|Any CPU.ActiveCfg = Debug|Any CPU
		{E88CAC6A-13EC-44E1-A1B7-375839DB7CFC}.Debug|Any CPU.Build.0 = Debug|Any CPU
		{E88CAC6A-13EC-44E1-A1B7-375839DB7CFC}.Debug|ARM.ActiveCfg = Debug|ARM
		{E88CAC6A-13EC-44E1-A1B7-375839DB7CFC}.Debug|ARM.Build.0 = Debug|ARM
		{E88CAC6A-13EC-44E1-A1B7-375839DB7CFC}.Debug|x64.ActiveCfg = Debug|x64
		{E88CAC6A-13EC-44E1-A1B7-375839DB7CFC}.Debug|x64.Build.0 = Debug|x64
		{E88CAC6A-13EC-44E1-A1B7-375839DB7CFC}.Debug|x86.ActiveCfg = Debug|x86
		{E88CAC6A-13EC-44E1-A1B7-375839DB7CFC}.Debug|x86.Build.0 = Debug|x86
		{E88CAC6A-13EC-44E1-A1B7-375839DB7CFC}.Release|Any CPU.ActiveCfg = Release|Any CPU
		{E88CAC6A-13EC-44E1-A1B7-375839DB7CFC}.Release|Any CPU.Build.0 = Release|Any CPU
		{E88CAC6A-13EC-44E1-A1B7-375839DB7CFC}.Release|ARM.ActiveCfg = Release|ARM
		{E88CAC6A-13EC-44E1-A1B7-375839DB7CFC}.Release|ARM.Build.0 = Release|ARM
		{E88CAC6A-13EC-44E1-A1B7-375839DB7CFC}.Release|x64.ActiveCfg = Release|x64
		{E88CAC6A-13EC-44E1-A1B7-375839DB7CFC}.Release|x64.Build.0 = Release|x64
		{E88CAC6A-13EC-44E1-A1B7-375839DB7CFC}.Release|x86.ActiveCfg = Release|x86
		{E88CAC6A-13EC-44E1-A1B7-375839DB7CFC}.Release|x86.Build.0 = Release|x86
	EndGlobalSection
	GlobalSection(SolutionProperties) = preSolution
		HideSolutionNode = FALSE
	EndGlobalSection
	GlobalSection(NestedProjects) = preSolution
		{F712CF27-F288-4EA5-818B-E0CFEFD5C0E3} = {3EB1FFCE-85EB-4A75-A210-891E1859A791}
		{5A343AD4-3B47-4F7F-8A74-15E1B2FF015C} = {3EB1FFCE-85EB-4A75-A210-891E1859A791}
		{BEF718A4-72B4-4AD0-9F35-304C66925ADB} = {3EB1FFCE-85EB-4A75-A210-891E1859A791}
		{ACEF44F3-4B1D-410F-BC7E-0470F37EA5EB} = {3EB1FFCE-85EB-4A75-A210-891E1859A791}
		{9C8CB7AA-C80C-4564-BFC6-BE2B1AE97318} = {3EB1FFCE-85EB-4A75-A210-891E1859A791}
		{FDAF41F3-94E6-47FE-A07E-FA44119BB530} = {A6BB0495-DF34-4E59-A9B2-0E47AE4BFC5C}
		{FE33DD69-644D-44BE-BE49-D3B5E52CA400} = {A6BB0495-DF34-4E59-A9B2-0E47AE4BFC5C}
		{DA4E2767-2C8F-4D88-AB3D-1D5FEB4348E3} = {3EB1FFCE-85EB-4A75-A210-891E1859A791}
		{37342F03-9B58-4C60-99D8-3AED3DA5AF60} = {3EB1FFCE-85EB-4A75-A210-891E1859A791}
		{11054ACC-6A9F-4653-898C-E4A10E67DB7F} = {BAA5B0EA-DCAF-42E8-B524-541631861D4F}
		{EF1E92AB-46AE-4D69-BF5D-1D9E98510683} = {BAA5B0EA-DCAF-42E8-B524-541631861D4F}
		{43CE8C61-8640-4721-9641-7213531BD638} = {BAA5B0EA-DCAF-42E8-B524-541631861D4F}
		{8B27F21C-40D8-473A-9CE3-BF1D74B78FC4} = {BAA5B0EA-DCAF-42E8-B524-541631861D4F}
		{55790A4C-F508-421B-814B-CCFA47EE25DA} = {BAA5B0EA-DCAF-42E8-B524-541631861D4F}
		{96BEB700-7463-4893-9182-204BA897EDA0} = {4EFA47CA-55DB-4398-B86A-E22BF643A2E7}
		{240A7316-2DB5-4E02-A495-FFCCCEE77407} = {BAA5B0EA-DCAF-42E8-B524-541631861D4F}
		{E9E0FE3A-0AD3-4FA6-9F76-F11CF2F4D3B5} = {BAA5B0EA-DCAF-42E8-B524-541631861D4F}
		{550B6E5F-AD35-49A8-A46D-6F0319DBF821} = {261CC1D2-42E3-41D2-A864-A59D659EA172}
		{ED6658FD-DB82-4D14-861F-DE535C822036} = {261CC1D2-42E3-41D2-A864-A59D659EA172}
		{DE6496DD-9BFD-40F8-B6B3-CC5ED86DA67C} = {261CC1D2-42E3-41D2-A864-A59D659EA172}
		{1B3546D6-E74E-4E59-8EF3-06A2DED54BCB} = {261CC1D2-42E3-41D2-A864-A59D659EA172}
		{34A83280-180A-404E-9435-192FCB3BF8A1} = {261CC1D2-42E3-41D2-A864-A59D659EA172}
		{166EE73E-AF71-4AC8-AEC5-4332CC69D4CF} = {261CC1D2-42E3-41D2-A864-A59D659EA172}
		{CBE53290-0BEF-4ACF-871A-8FEC986A688A} = {261CC1D2-42E3-41D2-A864-A59D659EA172}
		{8AAE3F32-F2DA-4B08-A510-5D73DE3DE51E} = {261CC1D2-42E3-41D2-A864-A59D659EA172}
		{307F4571-C6FE-4554-8F34-7183FCA51832} = {261CC1D2-42E3-41D2-A864-A59D659EA172}
		{9F89494E-C597-4BE9-A556-6549DF6DBBC1} = {261CC1D2-42E3-41D2-A864-A59D659EA172}
		{BA7B7483-B8CD-41D1-93E8-7C094D96116B} = {261CC1D2-42E3-41D2-A864-A59D659EA172}
		{CCE4B113-5E9C-4077-BB0B-5AE441B566C6} = {261CC1D2-42E3-41D2-A864-A59D659EA172}
		{15234E61-5A73-41B1-BE03-A5C1E12A991D} = {B0338A5F-5036-4BA4-B834-8C6965A60754}
		{0FAC55A2-C97A-4D5B-B639-7A4E986BFF5E} = {B0338A5F-5036-4BA4-B834-8C6965A60754}
		{E302BBD7-EFC7-4EEF-8411-07C85C814419} = {AD23B3EE-04B3-4B3B-95B1-55622D1C4D5F}
		{6CAFC0C6-A428-4D30-A9F9-700E829FEA51} = {E80CB196-1693-4D4A-93EA-4CEA2951AA74}
		{9DB47F12-6D03-45FC-9DEC-540FCA5816C2} = {CA01022C-0A4A-463B-85E3-D5214E9F4E38}
		{9AAD35CA-90D7-4659-A062-78D188C00199} = {5015D052-8194-4EC0-9D6D-593E9F7B036C}
		{22B33324-14B1-4B70-8942-FEFE9A2ECA0A} = {9AAD35CA-90D7-4659-A062-78D188C00199}
		{E61C604B-5E51-40C2-A9AE-6B7A9B4CA0C1} = {9AAD35CA-90D7-4659-A062-78D188C00199}
		{812410DB-2CB1-4AD1-A322-41A1F38B462E} = {9AAD35CA-90D7-4659-A062-78D188C00199}
		{55358365-1B92-49C5-9343-BA8DE5137359} = {5015D052-8194-4EC0-9D6D-593E9F7B036C}
		{DB6D7F88-D0D1-413A-A565-EFC40F1DA1A5} = {5015D052-8194-4EC0-9D6D-593E9F7B036C}
		{9C484062-0480-4A7B-AFE2-6C6FD24C895B} = {100A0EB3-780B-417F-ACBA-E90FA406D121}
		{5015D052-8194-4EC0-9D6D-593E9F7B036C} = {100A0EB3-780B-417F-ACBA-E90FA406D121}
		{A6BB0495-DF34-4E59-A9B2-0E47AE4BFC5C} = {100A0EB3-780B-417F-ACBA-E90FA406D121}
		{CA01022C-0A4A-463B-85E3-D5214E9F4E38} = {100A0EB3-780B-417F-ACBA-E90FA406D121}
		{3EB1FFCE-85EB-4A75-A210-891E1859A791} = {100A0EB3-780B-417F-ACBA-E90FA406D121}
		{BAA5B0EA-DCAF-42E8-B524-541631861D4F} = {2FE158F0-6403-46B2-952A-ABA891F4C97D}
		{4EFA47CA-55DB-4398-B86A-E22BF643A2E7} = {2FE158F0-6403-46B2-952A-ABA891F4C97D}
		{52BBCF35-399B-408A-87F0-522DE49CE8B0} = {2FE158F0-6403-46B2-952A-ABA891F4C97D}
		{A63FAD9F-A2D0-4730-BD50-26182F795716} = {4EFA47CA-55DB-4398-B86A-E22BF643A2E7}
		{C01E5C9A-7585-4B77-930C-9446C676A640} = {2FE158F0-6403-46B2-952A-ABA891F4C97D}
		{A040BD2B-6A7E-4078-AB00-B0E783C053D9} = {C01E5C9A-7585-4B77-930C-9446C676A640}
		{5342C502-EC2A-4DD4-9058-86D31766C8E3} = {C01E5C9A-7585-4B77-930C-9446C676A640}
		{61405B13-3952-476D-A479-106CE5A23236} = {9C484062-0480-4A7B-AFE2-6C6FD24C895B}
		{45236A92-3872-4B6E-BAB2-8C3151DF5FE9} = {9C484062-0480-4A7B-AFE2-6C6FD24C895B}
		{75F1C13B-1D94-4DE3-B59A-8B33DB024FEF} = {9C484062-0480-4A7B-AFE2-6C6FD24C895B}
		{EFF90738-9042-463D-82C7-1C83CE373594} = {52BBCF35-399B-408A-87F0-522DE49CE8B0}
		{52B0380E-C334-4F7A-A439-C7CC063092A6} = {52BBCF35-399B-408A-87F0-522DE49CE8B0}
		{E88CAC6A-13EC-44E1-A1B7-375839DB7CFC} = {52BBCF35-399B-408A-87F0-522DE49CE8B0}
	EndGlobalSection
EndGlobal
